// !$*UTF8*$!
{
	archiveVersion = 1;
	classes = {
	};
	objectVersion = 77;
	objects = {

/* Begin PBXBuildFile section */
		00C27C14DC7CD3479D678422 /* Speech.framework in Frameworks */ = {isa = PBXBuildFile; fileRef = D4056DAB08B8F703E6F5C71B /* Speech.framework */; };
		0190F180CA1516FF19DE1D09 /* CodeIslandActivityState+Payload.swift in Sources */ = {isa = PBXBuildFile; fileRef = F9F350CB2292BF84421D9BD4 /* CodeIslandActivityState+Payload.swift */; };
		066BAB67FFF6698F1AA3A05A /* MascotMotion.swift in Sources */ = {isa = PBXBuildFile; fileRef = 77D70D07D1A0B8E65A8B9C66 /* MascotMotion.swift */; };
		0A63C2A309C80A5928E899AC /* AgentOpsTurnToolTests.swift in Sources */ = {isa = PBXBuildFile; fileRef = 227E9BB4BF84D577EC3F83D2 /* AgentOpsTurnToolTests.swift */; };
		A10000000000000000000001 /* AgentOpsVoiceViewModelTests.swift in Sources */ = {isa = PBXBuildFile; fileRef = A20000000000000000000001 /* AgentOpsVoiceViewModelTests.swift */; };
		A10000000000000000000002 /* AgentOpsVoiceViewModel.swift in Sources */ = {isa = PBXBuildFile; fileRef = A20000000000000000000002 /* AgentOpsVoiceViewModel.swift */; };
		A10000000000000000000003 /* AgentOpsVoiceView.swift in Sources */ = {isa = PBXBuildFile; fileRef = A20000000000000000000003 /* AgentOpsVoiceView.swift */; };
		A10000000000000000000004 /* AgentOpsVoiceOrb.swift in Sources */ = {isa = PBXBuildFile; fileRef = A20000000000000000000004 /* AgentOpsVoiceOrb.swift */; };
		A10000000000000000000005 /* VoiceTranscriptView.swift in Sources */ = {isa = PBXBuildFile; fileRef = A20000000000000000000005 /* VoiceTranscriptView.swift */; };
		A10000000000000000000006 /* AgentOpsWorkView.swift in Sources */ = {isa = PBXBuildFile; fileRef = A20000000000000000000006 /* AgentOpsWorkView.swift */; };
		A10000000000000000000007 /* AgentOpsTaskView.swift in Sources */ = {isa = PBXBuildFile; fileRef = A20000000000000000000007 /* AgentOpsTaskView.swift */; };
		A10000000000000000000008 /* AgentOpsAttentionView.swift in Sources */ = {isa = PBXBuildFile; fileRef = A20000000000000000000008 /* AgentOpsAttentionView.swift */; };
		136C1DFA4E4F80076A794410 /* QwenView.swift in Sources */ = {isa = PBXBuildFile; fileRef = 4978BAC1D31033F1CFFA542C /* QwenView.swift */; };
		156EAC31E1DA9EDD3541AFBF /* StaselWebRTCEngine.swift in Sources */ = {isa = PBXBuildFile; fileRef = B658B743C84BCA4599B7D36D /* StaselWebRTCEngine.swift */; };
		1A9B2D28C0B651802CC22E46 /* AntiGravityView.swift in Sources */ = {isa = PBXBuildFile; fileRef = 312741CE7E44499956C35C45 /* AntiGravityView.swift */; };
		1B9E327493AEBEDF3E0511C6 /* CodeIslandCompanionApp.swift in Sources */ = {isa = PBXBuildFile; fileRef = 8843E069F081B15AE433EA8D /* CodeIslandCompanionApp.swift */; };
		1D11B16C1B210624D641AAC2 /* VoiceSessionReducer.swift in Sources */ = {isa = PBXBuildFile; fileRef = 8FFFA7546FE8E69105E1F7F0 /* VoiceSessionReducer.swift */; };
		216F47F88347C45BCC7A6B4E /* VoiceSessionCoordinatorTests.swift in Sources */ = {isa = PBXBuildFile; fileRef = 57B2DB14302DCA299AB4FE26 /* VoiceSessionCoordinatorTests.swift */; };
		2FA3FC431FCD358EFF788B4B /* AudioSessionPolicyTests.swift in Sources */ = {isa = PBXBuildFile; fileRef = 5EF8F4C84C86055FEB1AFAA6 /* AudioSessionPolicyTests.swift */; };
		360FEB3C9F4DA28284E96288 /* PixelCharacterView.swift in Sources */ = {isa = PBXBuildFile; fileRef = C6345881A14A90FBB79C7453 /* PixelCharacterView.swift */; };
		37A3225ED88E544CA2691F17 /* RemoteTaskProtocol.swift in Sources */ = {isa = PBXBuildFile; fileRef = 17C1C2BC8FB75A71D24DBB1B /* RemoteTaskProtocol.swift */; };
		396FBAE8C75D88E0A0DAFAFC /* SharedMascotView.swift in Sources */ = {isa = PBXBuildFile; fileRef = 18FD5E698E776728E6018927 /* SharedMascotView.swift */; };
		3AEB7FB2BC4A5B04E4FE6FEB /* LiveActivityController.swift in Sources */ = {isa = PBXBuildFile; fileRef = 030876B03E408787BD569C05 /* LiveActivityController.swift */; };
		3EBBDE81898639CA26E3D38A /* CodeIslandShareExtension.appex in Embed Foundation Extensions */ = {isa = PBXBuildFile; fileRef = FF717DF0B64B4C9599DEC65A /* CodeIslandShareExtension.appex */; settings = {ATTRIBUTES = (RemoveHeadersOnCopy, ); }; };
		4139C6B9F534280C1A27328C /* CommandRisk.swift in Sources */ = {isa = PBXBuildFile; fileRef = 2A2A1711F61AA745DBB16A7A /* CommandRisk.swift */; };
		44F0306BE05E191502825906 /* AgentOpsClientTests.swift in Sources */ = {isa = PBXBuildFile; fileRef = 7DC2AAEF7A43980107498289 /* AgentOpsClientTests.swift */; };
		454B79632040B38A8EE556B1 /* TraeView.swift in Sources */ = {isa = PBXBuildFile; fileRef = 0A7D0B4EC41F3FEC24838746 /* TraeView.swift */; };
		48D08AC36EBE0CAF9CDC82F7 /* RemoteTaskDraftStoreTests.swift in Sources */ = {isa = PBXBuildFile; fileRef = 26CAA42FF97468F40A695657 /* RemoteTaskDraftStoreTests.swift */; };
		4B47C3A5E2708E74C568ED0F /* AgentOpsClient.swift in Sources */ = {isa = PBXBuildFile; fileRef = BCA84EF648EA6FEF1B6F776C /* AgentOpsClient.swift */; };
		53DCB0D0D0D9FBBF1E6E7560 /* MascotMotion.swift in Sources */ = {isa = PBXBuildFile; fileRef = 77D70D07D1A0B8E65A8B9C66 /* MascotMotion.swift */; };
		53F367C8A64DCB73E33E1770 /* RemoteTaskClient.swift in Sources */ = {isa = PBXBuildFile; fileRef = 29FCD8362DACCB58D3BACAD9 /* RemoteTaskClient.swift */; };
		5595E2189BC2645718CEB77F /* RemoteApprovalView.swift in Sources */ = {isa = PBXBuildFile; fileRef = 8DE9B49B0CC8560A642B3750 /* RemoteApprovalView.swift */; };
		56486A706E0A4FFBF3BE9F34 /* DexView.swift in Sources */ = {isa = PBXBuildFile; fileRef = A6470A3909D478701A3B07E5 /* DexView.swift */; };
		57D3C0DB02580B82815A37DD /* GeminiView.swift in Sources */ = {isa = PBXBuildFile; fileRef = 7CA2D1F95A933787580CCAA6 /* GeminiView.swift */; };
		5CC36A8128BA65E2481142C1 /* WorkBuddyView.swift in Sources */ = {isa = PBXBuildFile; fileRef = 4F91D3F784C8F89A31E63158 /* WorkBuddyView.swift */; };
		5D48115BDFAB52F894FC4A95 /* RemoteTaskPresentationModel.swift in Sources */ = {isa = PBXBuildFile; fileRef = 451D9CD32F9422E4DF1FA1F8 /* RemoteTaskPresentationModel.swift */; };
		5FFF36D08AECEF380207B9A8 /* PersonalHubView.swift in Sources */ = {isa = PBXBuildFile; fileRef = 76D8A0775C5E0593E6BD3927 /* PersonalHubView.swift */; };
		60EDB1D15F768EF9BEA51D31 /* OpenCodeView.swift in Sources */ = {isa = PBXBuildFile; fileRef = 23F0ECA53BBAD64BA8C9771F /* OpenCodeView.swift */; };
		6123D11F09A767D4AFDA5AD3 /* GeminiView.swift in Sources */ = {isa = PBXBuildFile; fileRef = 7CA2D1F95A933787580CCAA6 /* GeminiView.swift */; };
		61E65895CCEBAD88E0183D08 /* StepFunView.swift in Sources */ = {isa = PBXBuildFile; fileRef = FB1A12DC31BC8AC80FFB96D8 /* StepFunView.swift */; };
		627A394BE38C43B7815C44B1 /* PersonalHubProtocol.swift in Sources */ = {isa = PBXBuildFile; fileRef = 4F2D0C28F9B521F6A0F93CAC /* PersonalHubProtocol.swift */; };
		632DF62531C30A5489CE9819 /* LaunchScreen.storyboard in Resources */ = {isa = PBXBuildFile; fileRef = DE41181FECB15FC695E14CCA /* LaunchScreen.storyboard */; };
		64A404C2705D91907914EFBB /* CompanionPushPresentationTests.swift in Sources */ = {isa = PBXBuildFile; fileRef = 86411E3D8E6337F894A6840C /* CompanionPushPresentationTests.swift */; };
		6919B3BB7246E6928F77FF07 /* RemoteApprovalClient.swift in Sources */ = {isa = PBXBuildFile; fileRef = 9CD8A43D80EDE6E68D478FE3 /* RemoteApprovalClient.swift */; };
		6C444954B6DA9F0B542304EE /* CursorView.swift in Sources */ = {isa = PBXBuildFile; fileRef = A637A87231D2C2493FF97990 /* CursorView.swift */; };
		6CD3BCEA3F590C9B2DAF17A4 /* RemoteTaskViews.swift in Sources */ = {isa = PBXBuildFile; fileRef = C60E43F52F5E56EFEEAF8528 /* RemoteTaskViews.swift */; };
		6D443E3978F822AB9834CB1D /* CompanionCommandCenterView.swift in Sources */ = {isa = PBXBuildFile; fileRef = 5FBBD6446372CD56ADFCE130 /* CompanionCommandCenterView.swift */; };
		6DB070CD0CB5259D6341C29F /* StepFunView.swift in Sources */ = {isa = PBXBuildFile; fileRef = FB1A12DC31BC8AC80FFB96D8 /* StepFunView.swift */; };
		74E713537176F063A83E6D2B /* AgentOpsAuthStore.swift in Sources */ = {isa = PBXBuildFile; fileRef = 177C387B9636C1905C0B56F7 /* AgentOpsAuthStore.swift */; };
		75953A34987FA661A54B274E /* SharedDraftInbox.swift in Sources */ = {isa = PBXBuildFile; fileRef = EE848A90520F8F624AFB92E9 /* SharedDraftInbox.swift */; };
		77548822FFD6282873D688CC /* StandByLayoutTests.swift in Sources */ = {isa = PBXBuildFile; fileRef = 683697BA44F284DC6FFD36DA /* StandByLayoutTests.swift */; };
		786E71DFAABF2A42048E9091 /* CodeIslandCompanionWidget.appex in Embed Foundation Extensions */ = {isa = PBXBuildFile; fileRef = 1CD9F5E97A2CDBC4E3F54478 /* CodeIslandCompanionWidget.appex */; settings = {ATTRIBUTES = (RemoveHeadersOnCopy, ); }; };
		7B84614D6F40BEDB519D5F13 /* WorkBuddyView.swift in Sources */ = {isa = PBXBuildFile; fileRef = 4F91D3F784C8F89A31E63158 /* WorkBuddyView.swift */; };
		7C94AF24FE483E75AFB02FE4 /* CompanionAppDelegate.swift in Sources */ = {isa = PBXBuildFile; fileRef = 32BE6F03B699E8406163EBA2 /* CompanionAppDelegate.swift */; };
		7F8B015A60EAD665A97191D6 /* QoderView.swift in Sources */ = {isa = PBXBuildFile; fileRef = C5393F6AABCBEEDA6A832553 /* QoderView.swift */; };
		8087A336412F9084936AF405 /* BuddyView.swift in Sources */ = {isa = PBXBuildFile; fileRef = 83B07028BAA056A1DA7C7791 /* BuddyView.swift */; };
		81B4DE0F0C16357E0804F68F /* CompanionCommandCenterModel.swift in Sources */ = {isa = PBXBuildFile; fileRef = 61373D31C48663C8C29AF003 /* CompanionCommandCenterModel.swift */; };
		8482851DDA50BEB92C429199 /* RemoteTaskClientTests.swift in Sources */ = {isa = PBXBuildFile; fileRef = 26E78E543985CED85D547F94 /* RemoteTaskClientTests.swift */; };
		88529B6D10BD69574E792DC6 /* Auth in Frameworks */ = {isa = PBXBuildFile; productRef = 97DDD0069829875C6B93E9D0 /* Auth */; };
		892225EA1A62EA16B21E2E36 /* CompanionDisplayText.swift in Sources */ = {isa = PBXBuildFile; fileRef = 4708FC8D74184A554015C647 /* CompanionDisplayText.swift */; };
		8A64C36048AEFE0D88246603 /* SharedDraftInboxTests.swift in Sources */ = {isa = PBXBuildFile; fileRef = 6C36C170280FD8EC84BFF05E /* SharedDraftInboxTests.swift */; };
		8B65B8EA77888BF1177486AF /* AgentOpsAuthStoreTests.swift in Sources */ = {isa = PBXBuildFile; fileRef = 32E3C515566D655299E2635C /* AgentOpsAuthStoreTests.swift */; };
		8C278F617B8CC42C0FE193F3 /* VoiceSessionCoordinator.swift in Sources */ = {isa = PBXBuildFile; fileRef = 5793FD29B381D3C165EC0E12 /* VoiceSessionCoordinator.swift */; };
		8DDDF81D31DDBF87F1470A97 /* KimiView.swift in Sources */ = {isa = PBXBuildFile; fileRef = 53EE587DE1B0740F9A5B0B19 /* KimiView.swift */; };
		8E04B2E58164AA89E6D92AE6 /* LiveActivityLifecycle.swift in Sources */ = {isa = PBXBuildFile; fileRef = 6F9D10CCE9485D7AE2F88931 /* LiveActivityLifecycle.swift */; };
		918BED71A2A430BE1E1BD9BB /* Auth in Frameworks */ = {isa = PBXBuildFile; productRef = 466771A9FC33CB2A83749024 /* Auth */; };
		91DE994E835A9FF0397C60EB /* VoiceSessionReducerTests.swift in Sources */ = {isa = PBXBuildFile; fileRef = 45D3534AA2188A05A177A6A9 /* VoiceSessionReducerTests.swift */; };
		9374AB63D76D2A7EB26E1C48 /* WebRTC in Frameworks */ = {isa = PBXBuildFile; productRef = D178CBC0C494A14AAE010865 /* WebRTC */; };
		967757FE0C6C075F82A21B2D /* RealtimeTransport.swift in Sources */ = {isa = PBXBuildFile; fileRef = 6212C19075888E301B655D4C /* RealtimeTransport.swift */; };
		977FDE1B19E4DF1F5985EC0D /* QoderView.swift in Sources */ = {isa = PBXBuildFile; fileRef = C5393F6AABCBEEDA6A832553 /* QoderView.swift */; };
		9A46A7A4F1790AD9875A99D7 /* AgentOpsTurnTool.swift in Sources */ = {isa = PBXBuildFile; fileRef = 05B71D7CD0657DCB80A1B6D4 /* AgentOpsTurnTool.swift */; };
		9C43FBF323733C72F963E4EE /* CodeIslandCompanionUITests.swift in Sources */ = {isa = PBXBuildFile; fileRef = D78FA9B17D5BB160C8E714F6 /* CodeIslandCompanionUITests.swift */; };
		9F7CB1CDE599F3DF71E5738C /* CompanionDisplayText.swift in Sources */ = {isa = PBXBuildFile; fileRef = 4708FC8D74184A554015C647 /* CompanionDisplayText.swift */; };
		9FAB64A752F6142AAD32E5B6 /* DroidView.swift in Sources */ = {isa = PBXBuildFile; fileRef = 0E1D4BD6D6F35284006F9354 /* DroidView.swift */; };
		A19C06D932D5A5FE5DF0D513 /* QwenView.swift in Sources */ = {isa = PBXBuildFile; fileRef = 4978BAC1D31033F1CFFA542C /* QwenView.swift */; };
		A370B957E19B18B5121C92B4 /* SharedMascotView.swift in Sources */ = {isa = PBXBuildFile; fileRef = 18FD5E698E776728E6018927 /* SharedMascotView.swift */; };
		A6EAB4F70D77D31647CAE26E /* CursorView.swift in Sources */ = {isa = PBXBuildFile; fileRef = A637A87231D2C2493FF97990 /* CursorView.swift */; };
		AB197B458D906CA80DE838DD /* StandByLayout.swift in Sources */ = {isa = PBXBuildFile; fileRef = 2F1C7AD9BDAF97493D0648FE /* StandByLayout.swift */; };
		AF04FA0B6B595450B609DCBA /* LiveActivityPrivacyTests.swift in Sources */ = {isa = PBXBuildFile; fileRef = 4FB2E261F2FE8B6CE0B5E67B /* LiveActivityPrivacyTests.swift */; };
		AF508E52E331531A53A2EA2B /* ClineView.swift in Sources */ = {isa = PBXBuildFile; fileRef = F96CB90CA9C700A293F0F841 /* ClineView.swift */; };
		B670B6680116E6F25D54A4BE /* RemoteTaskPresentationModelTests.swift in Sources */ = {isa = PBXBuildFile; fileRef = 47209C7DEEC6D999BA96F959 /* RemoteTaskPresentationModelTests.swift */; };
		B6D725A91443A9EC1E4F95A2 /* CompanionFirst.swift in Sources */ = {isa = PBXBuildFile; fileRef = 7AA55AECDA9A1FBAE05477F7 /* CompanionFirst.swift */; };
		B6E51EE8DB8BF988DACB1276 /* CopilotView.swift in Sources */ = {isa = PBXBuildFile; fileRef = 7F7787F642A8E89A5AA5FFFC /* CopilotView.swift */; };
		B7CB440FDD0903B05E12AA85 /* ContentView.swift in Sources */ = {isa = PBXBuildFile; fileRef = E766978AB60149BF2A008DF4 /* ContentView.swift */; };
		B9B0C0DC10657D28DC2E1EDD /* MascotTimeline.swift in Sources */ = {isa = PBXBuildFile; fileRef = D972640FA1E9018DDC125FAD /* MascotTimeline.swift */; };
		BF2B5114F1EA889DDAE9098D /* Assets.xcassets in Resources */ = {isa = PBXBuildFile; fileRef = D85F2D481FDAD5D904A0F3E5 /* Assets.xcassets */; };
		BF91C478FCA3DB5406770EC8 /* SharedDraftInbox.swift in Sources */ = {isa = PBXBuildFile; fileRef = EE848A90520F8F624AFB92E9 /* SharedDraftInbox.swift */; };
		C1B00C9DC300515350E75603 /* CompanionMascotView.swift in Sources */ = {isa = PBXBuildFile; fileRef = D2A2C29C635BC87419FDED7F /* CompanionMascotView.swift */; };
		C28E22B3696BD872D48746E4 /* WatchStateStore.swift in Sources */ = {isa = PBXBuildFile; fileRef = CCDD1EEEF11FA911FA8E42BF /* WatchStateStore.swift */; };
		C5A39883D2868CF21FDD3A15 /* CompanionConnection.swift in Sources */ = {isa = PBXBuildFile; fileRef = E05B0003068A33631114C79F /* CompanionConnection.swift */; };
		CB75CCB077BD30395637DFCA /* MascotTimeline.swift in Sources */ = {isa = PBXBuildFile; fileRef = D972640FA1E9018DDC125FAD /* MascotTimeline.swift */; };
		CC8BFCADB0C71D1EC54DCD50 /* StandByLayout.swift in Sources */ = {isa = PBXBuildFile; fileRef = 2F1C7AD9BDAF97493D0648FE /* StandByLayout.swift */; };
		CD4FAD4958AD915D8E759FFB /* OpenCodeView.swift in Sources */ = {isa = PBXBuildFile; fileRef = 23F0ECA53BBAD64BA8C9771F /* OpenCodeView.swift */; };
		D37C3157D91B8B67E80B095D /* WatchStateStore.swift in Sources */ = {isa = PBXBuildFile; fileRef = CCDD1EEEF11FA911FA8E42BF /* WatchStateStore.swift */; };
		D47274A29745CA64E55F1C21 /* CodeIslandActivityAttributes.swift in Sources */ = {isa = PBXBuildFile; fileRef = BCA23CC7B351415E136CC947 /* CodeIslandActivityAttributes.swift */; };
		D582784A60899FA99920FCAC /* CompanionCommandCenterModelTests.swift in Sources */ = {isa = PBXBuildFile; fileRef = FEEBFB6E14D862A168D28F28 /* CompanionCommandCenterModelTests.swift */; };
		D62F806D7BADA0A0E8A17110 /* AgentOpsModels.swift in Sources */ = {isa = PBXBuildFile; fileRef = 6F61FEE04B4509044F26C063 /* AgentOpsModels.swift */; };
		D6346705BBF85F63A3C032D8 /* CodeIslandCompanionWidgetBundle.swift in Sources */ = {isa = PBXBuildFile; fileRef = 014DEC37F3B34948F2B630E4 /* CodeIslandCompanionWidgetBundle.swift */; };
		D91E181A929AA9ED8ABEE03E /* AppIntents.framework in Frameworks */ = {isa = PBXBuildFile; fileRef = 1D6BFE9B5287EE06D2FB3938 /* AppIntents.framework */; };
		DDCBBD7A935DB146F02BC61B /* AgentOpsRootStore.swift in Sources */ = {isa = PBXBuildFile; fileRef = 80C9F6F9895FFF0B6D9295CF /* AgentOpsRootStore.swift */; };
		DEACE91A83CD52B2B6394CC9 /* DroidView.swift in Sources */ = {isa = PBXBuildFile; fileRef = 0E1D4BD6D6F35284006F9354 /* DroidView.swift */; };
		DECE043D8EAE0EEEA3417557 /* PixelCharacterView.swift in Sources */ = {isa = PBXBuildFile; fileRef = C6345881A14A90FBB79C7453 /* PixelCharacterView.swift */; };
		DF8181D3224DFA462CB9E0FA /* TraeView.swift in Sources */ = {isa = PBXBuildFile; fileRef = 0A7D0B4EC41F3FEC24838746 /* TraeView.swift */; };
		E04C1A6FD543058CDBC1754B /* KimiView.swift in Sources */ = {isa = PBXBuildFile; fileRef = 53EE587DE1B0740F9A5B0B19 /* KimiView.swift */; };
		E15456F718660AE320B7F65F /* CodeIslandLiveActivityWidget.swift in Sources */ = {isa = PBXBuildFile; fileRef = 0A1079D20C61C1AF51C7F24A /* CodeIslandLiveActivityWidget.swift */; };
		E1D6A16CF95EC09FD79F0DF7 /* SharedDraftInbox.swift in Sources */ = {isa = PBXBuildFile; fileRef = EE848A90520F8F624AFB92E9 /* SharedDraftInbox.swift */; };
		E68821732380BF7CAF637D97 /* CodeIslandAppIntents.swift in Sources */ = {isa = PBXBuildFile; fileRef = A50F00CEBB09C1710651A8C1 /* CodeIslandAppIntents.swift */; };
		EB3D23EDE1100113E8909302 /* ClineView.swift in Sources */ = {isa = PBXBuildFile; fileRef = F96CB90CA9C700A293F0F841 /* ClineView.swift */; };
		ED41E65AAA673D9FBFD48377 /* CompanionModels.swift in Sources */ = {isa = PBXBuildFile; fileRef = 78474E5ED47A37C22FB49F33 /* CompanionModels.swift */; };
		EE9571C25D71CBAA30B036D1 /* MediaPreflightView.swift in Sources */ = {isa = PBXBuildFile; fileRef = 01F72779CD82A22C093C837B /* MediaPreflightView.swift */; };
		EF55FCB89771F97175749ECF /* CodeIslandActivityAttributes.swift in Sources */ = {isa = PBXBuildFile; fileRef = BCA23CC7B351415E136CC947 /* CodeIslandActivityAttributes.swift */; };
		F29B008893CA6F336BE93A42 /* DexView.swift in Sources */ = {isa = PBXBuildFile; fileRef = A6470A3909D478701A3B07E5 /* DexView.swift */; };
		F2A37C4EDA80546E6307A8D6 /* CompanionBluetoothCentral.swift in Sources */ = {isa = PBXBuildFile; fileRef = 827D708763E7622166DF3F8B /* CompanionBluetoothCentral.swift */; };
		F5C7B317A6F347087EE8D57D /* RemoteApprovalProtocol.swift in Sources */ = {isa = PBXBuildFile; fileRef = D22D14326F1AEA2E097F595F /* RemoteApprovalProtocol.swift */; };
		F6A28D1C6855BA337D8076F8 /* HermesView.swift in Sources */ = {isa = PBXBuildFile; fileRef = BE12267AF913F735B14B643A /* HermesView.swift */; };
		F6BF2F0FBFE41711C6160DFE /* AntiGravityView.swift in Sources */ = {isa = PBXBuildFile; fileRef = 312741CE7E44499956C35C45 /* AntiGravityView.swift */; };
		F894E1D744DA83959EB19554 /* CopilotView.swift in Sources */ = {isa = PBXBuildFile; fileRef = 7F7787F642A8E89A5AA5FFFC /* CopilotView.swift */; };
		FA55A79BCE2E50BFE00A881E /* ShareViewController.swift in Sources */ = {isa = PBXBuildFile; fileRef = 92F2FBDC2CDC04ABD7B7CCB4 /* ShareViewController.swift */; };
		FC987B58F87CFE9638DBC90E /* HermesView.swift in Sources */ = {isa = PBXBuildFile; fileRef = BE12267AF913F735B14B643A /* HermesView.swift */; };
		FC9D256D2F2BC3010E633FBF /* BuddyView.swift in Sources */ = {isa = PBXBuildFile; fileRef = 83B07028BAA056A1DA7C7791 /* BuddyView.swift */; };
		FE6191EFA6931886CB32D7A8 /* RemoteTaskDraftStore.swift in Sources */ = {isa = PBXBuildFile; fileRef = E15FAFEFA8390A288FBEBFEE /* RemoteTaskDraftStore.swift */; };
		FF689EE643DA02D9DCD26580 /* RealtimeProtocol.swift in Sources */ = {isa = PBXBuildFile; fileRef = 02EADA0EFA61F6779940D8AF /* RealtimeProtocol.swift */; };
/* End PBXBuildFile section */

/* Begin PBXContainerItemProxy section */
		1E6092132DEF91DC316807BF /* PBXContainerItemProxy */ = {
			isa = PBXContainerItemProxy;
			containerPortal = C86DC231658B41C7E38FF15A /* Project object */;
			proxyType = 1;
			remoteGlobalIDString = 98B3A00FDF4C8093790E92A5;
			remoteInfo = CodeIslandCompanionWidget;
		};
		BB58FA90F24E52E7796C4B5E /* PBXContainerItemProxy */ = {
			isa = PBXContainerItemProxy;
			containerPortal = C86DC231658B41C7E38FF15A /* Project object */;
			proxyType = 1;
			remoteGlobalIDString = F3973306BF558558774D5BD7;
			remoteInfo = CodeIslandCompanion;
		};
		C6E98D93E0EEAEEDFB5EDB8C /* PBXContainerItemProxy */ = {
			isa = PBXContainerItemProxy;
			containerPortal = C86DC231658B41C7E38FF15A /* Project object */;
			proxyType = 1;
			remoteGlobalIDString = F3973306BF558558774D5BD7;
			remoteInfo = CodeIslandCompanion;
		};
		E10A202160F42286FB6E60F0 /* PBXContainerItemProxy */ = {
			isa = PBXContainerItemProxy;
			containerPortal = C86DC231658B41C7E38FF15A /* Project object */;
			proxyType = 1;
			remoteGlobalIDString = 9F317C99DDB28B98F19D9198;
			remoteInfo = CodeIslandShareExtension;
		};
/* End PBXContainerItemProxy section */

/* Begin PBXCopyFilesBuildPhase section */
		8BEF37F14AECEEF2F1446564 /* Embed Foundation Extensions */ = {
			isa = PBXCopyFilesBuildPhase;
			buildActionMask = 2147483647;
			dstPath = "";
			dstSubfolderSpec = 13;
			files = (
				786E71DFAABF2A42048E9091 /* CodeIslandCompanionWidget.appex in Embed Foundation Extensions */,
				3EBBDE81898639CA26E3D38A /* CodeIslandShareExtension.appex in Embed Foundation Extensions */,
			);
			name = "Embed Foundation Extensions";
			runOnlyForDeploymentPostprocessing = 0;
		};
/* End PBXCopyFilesBuildPhase section */

/* Begin PBXFileReference section */
		014DEC37F3B34948F2B630E4 /* CodeIslandCompanionWidgetBundle.swift */ = {isa = PBXFileReference; lastKnownFileType = sourcecode.swift; path = CodeIslandCompanionWidgetBundle.swift; sourceTree = "<group>"; };
		01F72779CD82A22C093C837B /* MediaPreflightView.swift */ = {isa = PBXFileReference; lastKnownFileType = sourcecode.swift; path = MediaPreflightView.swift; sourceTree = "<group>"; };
		02EADA0EFA61F6779940D8AF /* RealtimeProtocol.swift */ = {isa = PBXFileReference; lastKnownFileType = sourcecode.swift; path = RealtimeProtocol.swift; sourceTree = "<group>"; };
		030876B03E408787BD569C05 /* LiveActivityController.swift */ = {isa = PBXFileReference; lastKnownFileType = sourcecode.swift; path = LiveActivityController.swift; sourceTree = "<group>"; };
		05B71D7CD0657DCB80A1B6D4 /* AgentOpsTurnTool.swift */ = {isa = PBXFileReference; lastKnownFileType = sourcecode.swift; path = AgentOpsTurnTool.swift; sourceTree = "<group>"; };
		A20000000000000000000001 /* AgentOpsVoiceViewModelTests.swift */ = {isa = PBXFileReference; lastKnownFileType = sourcecode.swift; path = AgentOpsVoiceViewModelTests.swift; sourceTree = "<group>"; };
		A20000000000000000000002 /* AgentOpsVoiceViewModel.swift */ = {isa = PBXFileReference; lastKnownFileType = sourcecode.swift; path = AgentOpsVoiceViewModel.swift; sourceTree = "<group>"; };
		A20000000000000000000003 /* AgentOpsVoiceView.swift */ = {isa = PBXFileReference; lastKnownFileType = sourcecode.swift; path = AgentOpsVoiceView.swift; sourceTree = "<group>"; };
		A20000000000000000000004 /* AgentOpsVoiceOrb.swift */ = {isa = PBXFileReference; lastKnownFileType = sourcecode.swift; path = AgentOpsVoiceOrb.swift; sourceTree = "<group>"; };
		A20000000000000000000005 /* VoiceTranscriptView.swift */ = {isa = PBXFileReference; lastKnownFileType = sourcecode.swift; path = VoiceTranscriptView.swift; sourceTree = "<group>"; };
		A20000000000000000000006 /* AgentOpsWorkView.swift */ = {isa = PBXFileReference; lastKnownFileType = sourcecode.swift; path = AgentOpsWorkView.swift; sourceTree = "<group>"; };
		A20000000000000000000007 /* AgentOpsTaskView.swift */ = {isa = PBXFileReference; lastKnownFileType = sourcecode.swift; path = AgentOpsTaskView.swift; sourceTree = "<group>"; };
		A20000000000000000000008 /* AgentOpsAttentionView.swift */ = {isa = PBXFileReference; lastKnownFileType = sourcecode.swift; path = AgentOpsAttentionView.swift; sourceTree = "<group>"; };
		0A1079D20C61C1AF51C7F24A /* CodeIslandLiveActivityWidget.swift */ = {isa = PBXFileReference; lastKnownFileType = sourcecode.swift; path = CodeIslandLiveActivityWidget.swift; sourceTree = "<group>"; };
		0A7D0B4EC41F3FEC24838746 /* TraeView.swift */ = {isa = PBXFileReference; lastKnownFileType = sourcecode.swift; path = TraeView.swift; sourceTree = "<group>"; };
		0CD94C0DFD8C9C1E2D0FA2CD /* Info.plist */ = {isa = PBXFileReference; lastKnownFileType = text.plist; path = Info.plist; sourceTree = "<group>"; };
		0E1D4BD6D6F35284006F9354 /* DroidView.swift */ = {isa = PBXFileReference; lastKnownFileType = sourcecode.swift; path = DroidView.swift; sourceTree = "<group>"; };
		177C387B9636C1905C0B56F7 /* AgentOpsAuthStore.swift */ = {isa = PBXFileReference; lastKnownFileType = sourcecode.swift; path = AgentOpsAuthStore.swift; sourceTree = "<group>"; };
		17C1C2BC8FB75A71D24DBB1B /* RemoteTaskProtocol.swift */ = {isa = PBXFileReference; lastKnownFileType = sourcecode.swift; path = RemoteTaskProtocol.swift; sourceTree = "<group>"; };
		18FD5E698E776728E6018927 /* SharedMascotView.swift */ = {isa = PBXFileReference; lastKnownFileType = sourcecode.swift; path = SharedMascotView.swift; sourceTree = "<group>"; };
		1CD9F5E97A2CDBC4E3F54478 /* CodeIslandCompanionWidget.appex */ = {isa = PBXFileReference; includeInIndex = 0; lastKnownFileType = "wrapper.app-extension"; path = CodeIslandCompanionWidget.appex; sourceTree = BUILT_PRODUCTS_DIR; };
		1D6BFE9B5287EE06D2FB3938 /* AppIntents.framework */ = {isa = PBXFileReference; lastKnownFileType = wrapper.framework; name = AppIntents.framework; path = System/Library/Frameworks/AppIntents.framework; sourceTree = SDKROOT; };
		227E9BB4BF84D577EC3F83D2 /* AgentOpsTurnToolTests.swift */ = {isa = PBXFileReference; lastKnownFileType = sourcecode.swift; path = AgentOpsTurnToolTests.swift; sourceTree = "<group>"; };
		23F0ECA53BBAD64BA8C9771F /* OpenCodeView.swift */ = {isa = PBXFileReference; lastKnownFileType = sourcecode.swift; path = OpenCodeView.swift; sourceTree = "<group>"; };
		26CAA42FF97468F40A695657 /* RemoteTaskDraftStoreTests.swift */ = {isa = PBXFileReference; lastKnownFileType = sourcecode.swift; path = RemoteTaskDraftStoreTests.swift; sourceTree = "<group>"; };
		26E78E543985CED85D547F94 /* RemoteTaskClientTests.swift */ = {isa = PBXFileReference; lastKnownFileType = sourcecode.swift; path = RemoteTaskClientTests.swift; sourceTree = "<group>"; };
		29FCD8362DACCB58D3BACAD9 /* RemoteTaskClient.swift */ = {isa = PBXFileReference; lastKnownFileType = sourcecode.swift; path = RemoteTaskClient.swift; sourceTree = "<group>"; };
		2A2A1711F61AA745DBB16A7A /* CommandRisk.swift */ = {isa = PBXFileReference; lastKnownFileType = sourcecode.swift; path = CommandRisk.swift; sourceTree = "<group>"; };
		2F1C7AD9BDAF97493D0648FE /* StandByLayout.swift */ = {isa = PBXFileReference; lastKnownFileType = sourcecode.swift; path = StandByLayout.swift; sourceTree = "<group>"; };
		312741CE7E44499956C35C45 /* AntiGravityView.swift */ = {isa = PBXFileReference; lastKnownFileType = sourcecode.swift; path = AntiGravityView.swift; sourceTree = "<group>"; };
		32BE6F03B699E8406163EBA2 /* CompanionAppDelegate.swift */ = {isa = PBXFileReference; lastKnownFileType = sourcecode.swift; path = CompanionAppDelegate.swift; sourceTree = "<group>"; };
		32E3C515566D655299E2635C /* AgentOpsAuthStoreTests.swift */ = {isa = PBXFileReference; lastKnownFileType = sourcecode.swift; path = AgentOpsAuthStoreTests.swift; sourceTree = "<group>"; };
		3B828985819DA6B54488EE88 /* CodeIslandShareExtension.entitlements */ = {isa = PBXFileReference; lastKnownFileType = text.plist.entitlements; path = CodeIslandShareExtension.entitlements; sourceTree = "<group>"; };
		451D9CD32F9422E4DF1FA1F8 /* RemoteTaskPresentationModel.swift */ = {isa = PBXFileReference; lastKnownFileType = sourcecode.swift; path = RemoteTaskPresentationModel.swift; sourceTree = "<group>"; };
		45D3534AA2188A05A177A6A9 /* VoiceSessionReducerTests.swift */ = {isa = PBXFileReference; lastKnownFileType = sourcecode.swift; path = VoiceSessionReducerTests.swift; sourceTree = "<group>"; };
		4708FC8D74184A554015C647 /* CompanionDisplayText.swift */ = {isa = PBXFileReference; lastKnownFileType = sourcecode.swift; path = CompanionDisplayText.swift; sourceTree = "<group>"; };
		47209C7DEEC6D999BA96F959 /* RemoteTaskPresentationModelTests.swift */ = {isa = PBXFileReference; lastKnownFileType = sourcecode.swift; path = RemoteTaskPresentationModelTests.swift; sourceTree = "<group>"; };
		4978BAC1D31033F1CFFA542C /* QwenView.swift */ = {isa = PBXFileReference; lastKnownFileType = sourcecode.swift; path = QwenView.swift; sourceTree = "<group>"; };
		4F2D0C28F9B521F6A0F93CAC /* PersonalHubProtocol.swift */ = {isa = PBXFileReference; lastKnownFileType = sourcecode.swift; path = PersonalHubProtocol.swift; sourceTree = "<group>"; };
		4F91D3F784C8F89A31E63158 /* WorkBuddyView.swift */ = {isa = PBXFileReference; lastKnownFileType = sourcecode.swift; path = WorkBuddyView.swift; sourceTree = "<group>"; };
		4FB2E261F2FE8B6CE0B5E67B /* LiveActivityPrivacyTests.swift */ = {isa = PBXFileReference; lastKnownFileType = sourcecode.swift; path = LiveActivityPrivacyTests.swift; sourceTree = "<group>"; };
		53EE587DE1B0740F9A5B0B19 /* KimiView.swift */ = {isa = PBXFileReference; lastKnownFileType = sourcecode.swift; path = KimiView.swift; sourceTree = "<group>"; };
		5793FD29B381D3C165EC0E12 /* VoiceSessionCoordinator.swift */ = {isa = PBXFileReference; lastKnownFileType = sourcecode.swift; path = VoiceSessionCoordinator.swift; sourceTree = "<group>"; };
		57B2DB14302DCA299AB4FE26 /* VoiceSessionCoordinatorTests.swift */ = {isa = PBXFileReference; lastKnownFileType = sourcecode.swift; path = VoiceSessionCoordinatorTests.swift; sourceTree = "<group>"; };
		5EF8F4C84C86055FEB1AFAA6 /* AudioSessionPolicyTests.swift */ = {isa = PBXFileReference; lastKnownFileType = sourcecode.swift; path = AudioSessionPolicyTests.swift; sourceTree = "<group>"; };
		5F8B728EC484A892286E9460 /* Info.plist */ = {isa = PBXFileReference; lastKnownFileType = text.plist; path = Info.plist; sourceTree = "<group>"; };
		5FBBD6446372CD56ADFCE130 /* CompanionCommandCenterView.swift */ = {isa = PBXFileReference; lastKnownFileType = sourcecode.swift; path = CompanionCommandCenterView.swift; sourceTree = "<group>"; };
		61373D31C48663C8C29AF003 /* CompanionCommandCenterModel.swift */ = {isa = PBXFileReference; lastKnownFileType = sourcecode.swift; path = CompanionCommandCenterModel.swift; sourceTree = "<group>"; };
		6212C19075888E301B655D4C /* RealtimeTransport.swift */ = {isa = PBXFileReference; lastKnownFileType = sourcecode.swift; path = RealtimeTransport.swift; sourceTree = "<group>"; };
		6516178F733B86DDF5CD26E0 /* CodeIslandCompanionUITests.xctest */ = {isa = PBXFileReference; includeInIndex = 0; lastKnownFileType = wrapper.cfbundle; path = CodeIslandCompanionUITests.xctest; sourceTree = BUILT_PRODUCTS_DIR; };
		683697BA44F284DC6FFD36DA /* StandByLayoutTests.swift */ = {isa = PBXFileReference; lastKnownFileType = sourcecode.swift; path = StandByLayoutTests.swift; sourceTree = "<group>"; };
		6C36C170280FD8EC84BFF05E /* SharedDraftInboxTests.swift */ = {isa = PBXFileReference; lastKnownFileType = sourcecode.swift; path = SharedDraftInboxTests.swift; sourceTree = "<group>"; };
		6F61FEE04B4509044F26C063 /* AgentOpsModels.swift */ = {isa = PBXFileReference; lastKnownFileType = sourcecode.swift; path = AgentOpsModels.swift; sourceTree = "<group>"; };
		6F9D10CCE9485D7AE2F88931 /* LiveActivityLifecycle.swift */ = {isa = PBXFileReference; lastKnownFileType = sourcecode.swift; path = LiveActivityLifecycle.swift; sourceTree = "<group>"; };
		76D8A0775C5E0593E6BD3927 /* PersonalHubView.swift */ = {isa = PBXFileReference; lastKnownFileType = sourcecode.swift; path = PersonalHubView.swift; sourceTree = "<group>"; };
		77D70D07D1A0B8E65A8B9C66 /* MascotMotion.swift */ = {isa = PBXFileReference; lastKnownFileType = sourcecode.swift; path = MascotMotion.swift; sourceTree = "<group>"; };
		78474E5ED47A37C22FB49F33 /* CompanionModels.swift */ = {isa = PBXFileReference; lastKnownFileType = sourcecode.swift; path = CompanionModels.swift; sourceTree = "<group>"; };
		7AA55AECDA9A1FBAE05477F7 /* CompanionFirst.swift */ = {isa = PBXFileReference; lastKnownFileType = sourcecode.swift; path = CompanionFirst.swift; sourceTree = "<group>"; };
		7CA2D1F95A933787580CCAA6 /* GeminiView.swift */ = {isa = PBXFileReference; lastKnownFileType = sourcecode.swift; path = GeminiView.swift; sourceTree = "<group>"; };
		7DC2AAEF7A43980107498289 /* AgentOpsClientTests.swift */ = {isa = PBXFileReference; lastKnownFileType = sourcecode.swift; path = AgentOpsClientTests.swift; sourceTree = "<group>"; };
		7F7787F642A8E89A5AA5FFFC /* CopilotView.swift */ = {isa = PBXFileReference; lastKnownFileType = sourcecode.swift; path = CopilotView.swift; sourceTree = "<group>"; };
		80C9F6F9895FFF0B6D9295CF /* AgentOpsRootStore.swift */ = {isa = PBXFileReference; lastKnownFileType = sourcecode.swift; path = AgentOpsRootStore.swift; sourceTree = "<group>"; };
		827D708763E7622166DF3F8B /* CompanionBluetoothCentral.swift */ = {isa = PBXFileReference; lastKnownFileType = sourcecode.swift; path = CompanionBluetoothCentral.swift; sourceTree = "<group>"; };
		83B07028BAA056A1DA7C7791 /* BuddyView.swift */ = {isa = PBXFileReference; lastKnownFileType = sourcecode.swift; path = BuddyView.swift; sourceTree = "<group>"; };
		86411E3D8E6337F894A6840C /* CompanionPushPresentationTests.swift */ = {isa = PBXFileReference; lastKnownFileType = sourcecode.swift; path = CompanionPushPresentationTests.swift; sourceTree = "<group>"; };
		8843E069F081B15AE433EA8D /* CodeIslandCompanionApp.swift */ = {isa = PBXFileReference; lastKnownFileType = sourcecode.swift; path = CodeIslandCompanionApp.swift; sourceTree = "<group>"; };
		8DE9B49B0CC8560A642B3750 /* RemoteApprovalView.swift */ = {isa = PBXFileReference; lastKnownFileType = sourcecode.swift; path = RemoteApprovalView.swift; sourceTree = "<group>"; };
		8FFFA7546FE8E69105E1F7F0 /* VoiceSessionReducer.swift */ = {isa = PBXFileReference; lastKnownFileType = sourcecode.swift; path = VoiceSessionReducer.swift; sourceTree = "<group>"; };
		92F2FBDC2CDC04ABD7B7CCB4 /* ShareViewController.swift */ = {isa = PBXFileReference; lastKnownFileType = sourcecode.swift; path = ShareViewController.swift; sourceTree = "<group>"; };
		9A2B84F4F96272BE5A760B08 /* CodeIslandCompanion.app */ = {isa = PBXFileReference; includeInIndex = 0; lastKnownFileType = wrapper.application; path = CodeIslandCompanion.app; sourceTree = BUILT_PRODUCTS_DIR; };
		9CD8A43D80EDE6E68D478FE3 /* RemoteApprovalClient.swift */ = {isa = PBXFileReference; lastKnownFileType = sourcecode.swift; path = RemoteApprovalClient.swift; sourceTree = "<group>"; };
		A50F00CEBB09C1710651A8C1 /* CodeIslandAppIntents.swift */ = {isa = PBXFileReference; lastKnownFileType = sourcecode.swift; path = CodeIslandAppIntents.swift; sourceTree = "<group>"; };
		A637A87231D2C2493FF97990 /* CursorView.swift */ = {isa = PBXFileReference; lastKnownFileType = sourcecode.swift; path = CursorView.swift; sourceTree = "<group>"; };
		A6470A3909D478701A3B07E5 /* DexView.swift */ = {isa = PBXFileReference; lastKnownFileType = sourcecode.swift; path = DexView.swift; sourceTree = "<group>"; };
		B658B743C84BCA4599B7D36D /* StaselWebRTCEngine.swift */ = {isa = PBXFileReference; lastKnownFileType = sourcecode.swift; path = StaselWebRTCEngine.swift; sourceTree = "<group>"; };
		BAC098A964E741CB93516695 /* Info.plist */ = {isa = PBXFileReference; lastKnownFileType = text.plist; path = Info.plist; sourceTree = "<group>"; };
		BCA23CC7B351415E136CC947 /* CodeIslandActivityAttributes.swift */ = {isa = PBXFileReference; lastKnownFileType = sourcecode.swift; path = CodeIslandActivityAttributes.swift; sourceTree = "<group>"; };
		BCA84EF648EA6FEF1B6F776C /* AgentOpsClient.swift */ = {isa = PBXFileReference; lastKnownFileType = sourcecode.swift; path = AgentOpsClient.swift; sourceTree = "<group>"; };
		BE12267AF913F735B14B643A /* HermesView.swift */ = {isa = PBXFileReference; lastKnownFileType = sourcecode.swift; path = HermesView.swift; sourceTree = "<group>"; };
		C5393F6AABCBEEDA6A832553 /* QoderView.swift */ = {isa = PBXFileReference; lastKnownFileType = sourcecode.swift; path = QoderView.swift; sourceTree = "<group>"; };
		C60E43F52F5E56EFEEAF8528 /* RemoteTaskViews.swift */ = {isa = PBXFileReference; lastKnownFileType = sourcecode.swift; path = RemoteTaskViews.swift; sourceTree = "<group>"; };
		C6345881A14A90FBB79C7453 /* PixelCharacterView.swift */ = {isa = PBXFileReference; lastKnownFileType = sourcecode.swift; path = PixelCharacterView.swift; sourceTree = "<group>"; };
		CCDD1EEEF11FA911FA8E42BF /* WatchStateStore.swift */ = {isa = PBXFileReference; lastKnownFileType = sourcecode.swift; path = WatchStateStore.swift; sourceTree = "<group>"; };
		D22D14326F1AEA2E097F595F /* RemoteApprovalProtocol.swift */ = {isa = PBXFileReference; lastKnownFileType = sourcecode.swift; path = RemoteApprovalProtocol.swift; sourceTree = "<group>"; };
		D2A2C29C635BC87419FDED7F /* CompanionMascotView.swift */ = {isa = PBXFileReference; lastKnownFileType = sourcecode.swift; path = CompanionMascotView.swift; sourceTree = "<group>"; };
		D4056DAB08B8F703E6F5C71B /* Speech.framework */ = {isa = PBXFileReference; lastKnownFileType = wrapper.framework; name = Speech.framework; path = System/Library/Frameworks/Speech.framework; sourceTree = SDKROOT; };
		D4F96960164D8A1BDE5A13B9 /* CodeIslandCompanion.entitlements */ = {isa = PBXFileReference; lastKnownFileType = text.plist.entitlements; path = CodeIslandCompanion.entitlements; sourceTree = "<group>"; };
		D78FA9B17D5BB160C8E714F6 /* CodeIslandCompanionUITests.swift */ = {isa = PBXFileReference; lastKnownFileType = sourcecode.swift; path = CodeIslandCompanionUITests.swift; sourceTree = "<group>"; };
		D85F2D481FDAD5D904A0F3E5 /* Assets.xcassets */ = {isa = PBXFileReference; lastKnownFileType = folder.assetcatalog; path = Assets.xcassets; sourceTree = "<group>"; };
		D972640FA1E9018DDC125FAD /* MascotTimeline.swift */ = {isa = PBXFileReference; lastKnownFileType = sourcecode.swift; path = MascotTimeline.swift; sourceTree = "<group>"; };
		DE41181FECB15FC695E14CCA /* LaunchScreen.storyboard */ = {isa = PBXFileReference; lastKnownFileType = file.storyboard; path = LaunchScreen.storyboard; sourceTree = "<group>"; };
		E05B0003068A33631114C79F /* CompanionConnection.swift */ = {isa = PBXFileReference; lastKnownFileType = sourcecode.swift; path = CompanionConnection.swift; sourceTree = "<group>"; };
		E15FAFEFA8390A288FBEBFEE /* RemoteTaskDraftStore.swift */ = {isa = PBXFileReference; lastKnownFileType = sourcecode.swift; path = RemoteTaskDraftStore.swift; sourceTree = "<group>"; };
		E766978AB60149BF2A008DF4 /* ContentView.swift */ = {isa = PBXFileReference; lastKnownFileType = sourcecode.swift; path = ContentView.swift; sourceTree = "<group>"; };
		EE848A90520F8F624AFB92E9 /* SharedDraftInbox.swift */ = {isa = PBXFileReference; lastKnownFileType = sourcecode.swift; path = SharedDraftInbox.swift; sourceTree = "<group>"; };
		EF87924363E319F5C648F0C0 /* CodeIslandCompanionTests.xctest */ = {isa = PBXFileReference; includeInIndex = 0; lastKnownFileType = wrapper.cfbundle; path = CodeIslandCompanionTests.xctest; sourceTree = BUILT_PRODUCTS_DIR; };
		F96CB90CA9C700A293F0F841 /* ClineView.swift */ = {isa = PBXFileReference; lastKnownFileType = sourcecode.swift; path = ClineView.swift; sourceTree = "<group>"; };
		F9F350CB2292BF84421D9BD4 /* CodeIslandActivityState+Payload.swift */ = {isa = PBXFileReference; lastKnownFileType = sourcecode.swift; path = "CodeIslandActivityState+Payload.swift"; sourceTree = "<group>"; };
		FB1A12DC31BC8AC80FFB96D8 /* StepFunView.swift */ = {isa = PBXFileReference; lastKnownFileType = sourcecode.swift; path = StepFunView.swift; sourceTree = "<group>"; };
		FEEBFB6E14D862A168D28F28 /* CompanionCommandCenterModelTests.swift */ = {isa = PBXFileReference; lastKnownFileType = sourcecode.swift; path = CompanionCommandCenterModelTests.swift; sourceTree = "<group>"; };
		FF717DF0B64B4C9599DEC65A /* CodeIslandShareExtension.appex */ = {isa = PBXFileReference; includeInIndex = 0; lastKnownFileType = "wrapper.app-extension"; path = CodeIslandShareExtension.appex; sourceTree = BUILT_PRODUCTS_DIR; };
/* End PBXFileReference section */

/* Begin PBXFrameworksBuildPhase section */
		BEBD44ADD46D108AA6EE4C5A /* Frameworks */ = {
			isa = PBXFrameworksBuildPhase;
			buildActionMask = 2147483647;
			files = (
				88529B6D10BD69574E792DC6 /* Auth in Frameworks */,
				9374AB63D76D2A7EB26E1C48 /* WebRTC in Frameworks */,
				D91E181A929AA9ED8ABEE03E /* AppIntents.framework in Frameworks */,
				00C27C14DC7CD3479D678422 /* Speech.framework in Frameworks */,
			);
			runOnlyForDeploymentPostprocessing = 0;
		};
		E02C02E1F619C3D86813667A /* Frameworks */ = {
			isa = PBXFrameworksBuildPhase;
			buildActionMask = 2147483647;
			files = (
				918BED71A2A430BE1E1BD9BB /* Auth in Frameworks */,
			);
			runOnlyForDeploymentPostprocessing = 0;
		};
/* End PBXFrameworksBuildPhase section */

/* Begin PBXGroup section */
		0A19C73F7436290AB43A0733 /* CodeIslandCompanionWidget */ = {
			isa = PBXGroup;
			children = (
				014DEC37F3B34948F2B630E4 /* CodeIslandCompanionWidgetBundle.swift */,
				0A1079D20C61C1AF51C7F24A /* CodeIslandLiveActivityWidget.swift */,
				5F8B728EC484A892286E9460 /* Info.plist */,
			);
			path = CodeIslandCompanionWidget;
			sourceTree = "<group>";
		};
		41E67AD02EED25797D82B1BE /* AgentOps */ = {
			isa = PBXGroup;
			children = (
				177C387B9636C1905C0B56F7 /* AgentOpsAuthStore.swift */,
				BCA84EF648EA6FEF1B6F776C /* AgentOpsClient.swift */,
				6F61FEE04B4509044F26C063 /* AgentOpsModels.swift */,
				80C9F6F9895FFF0B6D9295CF /* AgentOpsRootStore.swift */,
				A30000000000000000000001 /* Work */,
				A30000000000000000000002 /* Attention */,
				5BD674E4D3E95BAF55FA9594 /* Voice */,
			);
			path = AgentOps;
			sourceTree = "<group>";
		};
		A30000000000000000000001 /* Work */ = {
			isa = PBXGroup;
			children = (
				A20000000000000000000006 /* AgentOpsWorkView.swift */,
				A20000000000000000000007 /* AgentOpsTaskView.swift */,
			);
			path = Work;
			sourceTree = "<group>";
		};
		A30000000000000000000002 /* Attention */ = {
			isa = PBXGroup;
			children = (
				A20000000000000000000008 /* AgentOpsAttentionView.swift */,
			);
			path = Attention;
			sourceTree = "<group>";
		};
		4B5DC446285A66B2D47E6894 /* Shared */ = {
			isa = PBXGroup;
			children = (
				BCA23CC7B351415E136CC947 /* CodeIslandActivityAttributes.swift */,
				4708FC8D74184A554015C647 /* CompanionDisplayText.swift */,
				EE848A90520F8F624AFB92E9 /* SharedDraftInbox.swift */,
				18FD5E698E776728E6018927 /* SharedMascotView.swift */,
				CCDD1EEEF11FA911FA8E42BF /* WatchStateStore.swift */,
			);
			path = Shared;
			sourceTree = "<group>";
		};
		50F07FE3ABD9B8EF0309E482 /* CodeIslandCore */ = {
			isa = PBXGroup;
			children = (
				2A2A1711F61AA745DBB16A7A /* CommandRisk.swift */,
				6F9D10CCE9485D7AE2F88931 /* LiveActivityLifecycle.swift */,
				4F2D0C28F9B521F6A0F93CAC /* PersonalHubProtocol.swift */,
				D22D14326F1AEA2E097F595F /* RemoteApprovalProtocol.swift */,
				17C1C2BC8FB75A71D24DBB1B /* RemoteTaskProtocol.swift */,
			);
			name = CodeIslandCore;
			path = ../../Sources/CodeIslandCore;
			sourceTree = "<group>";
		};
		591F9D78369A6A5807FCBD6A /* Frameworks */ = {
			isa = PBXGroup;
			children = (
				1D6BFE9B5287EE06D2FB3938 /* AppIntents.framework */,
				D4056DAB08B8F703E6F5C71B /* Speech.framework */,
			);
			name = Frameworks;
			sourceTree = "<group>";
		};
		5BD674E4D3E95BAF55FA9594 /* Voice */ = {
			isa = PBXGroup;
			children = (
				05B71D7CD0657DCB80A1B6D4 /* AgentOpsTurnTool.swift */,
				A20000000000000000000003 /* AgentOpsVoiceView.swift */,
				A20000000000000000000002 /* AgentOpsVoiceViewModel.swift */,
				A20000000000000000000004 /* AgentOpsVoiceOrb.swift */,
				02EADA0EFA61F6779940D8AF /* RealtimeProtocol.swift */,
				6212C19075888E301B655D4C /* RealtimeTransport.swift */,
				B658B743C84BCA4599B7D36D /* StaselWebRTCEngine.swift */,
				A20000000000000000000005 /* VoiceTranscriptView.swift */,
				5793FD29B381D3C165EC0E12 /* VoiceSessionCoordinator.swift */,
				8FFFA7546FE8E69105E1F7F0 /* VoiceSessionReducer.swift */,
			);
			path = Voice;
			sourceTree = "<group>";
		};
		6D21008F0646C13F20FD24E3 /* CodeIslandCompanionTests */ = {
			isa = PBXGroup;
			children = (
				32E3C515566D655299E2635C /* AgentOpsAuthStoreTests.swift */,
				7DC2AAEF7A43980107498289 /* AgentOpsClientTests.swift */,
				227E9BB4BF84D577EC3F83D2 /* AgentOpsTurnToolTests.swift */,
				A20000000000000000000001 /* AgentOpsVoiceViewModelTests.swift */,
				5EF8F4C84C86055FEB1AFAA6 /* AudioSessionPolicyTests.swift */,
				FEEBFB6E14D862A168D28F28 /* CompanionCommandCenterModelTests.swift */,
				86411E3D8E6337F894A6840C /* CompanionPushPresentationTests.swift */,
				4FB2E261F2FE8B6CE0B5E67B /* LiveActivityPrivacyTests.swift */,
				26E78E543985CED85D547F94 /* RemoteTaskClientTests.swift */,
				26CAA42FF97468F40A695657 /* RemoteTaskDraftStoreTests.swift */,
				47209C7DEEC6D999BA96F959 /* RemoteTaskPresentationModelTests.swift */,
				6C36C170280FD8EC84BFF05E /* SharedDraftInboxTests.swift */,
				57B2DB14302DCA299AB4FE26 /* VoiceSessionCoordinatorTests.swift */,
				45D3534AA2188A05A177A6A9 /* VoiceSessionReducerTests.swift */,
			);
			path = CodeIslandCompanionTests;
			sourceTree = "<group>";
		};
		8190E5C61FF4340B8909CD4F /* CodeIslandCompanion */ = {
			isa = PBXGroup;
			children = (
				D85F2D481FDAD5D904A0F3E5 /* Assets.xcassets */,
				F9F350CB2292BF84421D9BD4 /* CodeIslandActivityState+Payload.swift */,
				A50F00CEBB09C1710651A8C1 /* CodeIslandAppIntents.swift */,
				D4F96960164D8A1BDE5A13B9 /* CodeIslandCompanion.entitlements */,
				8843E069F081B15AE433EA8D /* CodeIslandCompanionApp.swift */,
				32BE6F03B699E8406163EBA2 /* CompanionAppDelegate.swift */,
				827D708763E7622166DF3F8B /* CompanionBluetoothCentral.swift */,
				61373D31C48663C8C29AF003 /* CompanionCommandCenterModel.swift */,
				5FBBD6446372CD56ADFCE130 /* CompanionCommandCenterView.swift */,
				E05B0003068A33631114C79F /* CompanionConnection.swift */,
				7AA55AECDA9A1FBAE05477F7 /* CompanionFirst.swift */,
				D2A2C29C635BC87419FDED7F /* CompanionMascotView.swift */,
				78474E5ED47A37C22FB49F33 /* CompanionModels.swift */,
				E766978AB60149BF2A008DF4 /* ContentView.swift */,
				0CD94C0DFD8C9C1E2D0FA2CD /* Info.plist */,
				DE41181FECB15FC695E14CCA /* LaunchScreen.storyboard */,
				030876B03E408787BD569C05 /* LiveActivityController.swift */,
				01F72779CD82A22C093C837B /* MediaPreflightView.swift */,
				76D8A0775C5E0593E6BD3927 /* PersonalHubView.swift */,
				9CD8A43D80EDE6E68D478FE3 /* RemoteApprovalClient.swift */,
				8DE9B49B0CC8560A642B3750 /* RemoteApprovalView.swift */,
				29FCD8362DACCB58D3BACAD9 /* RemoteTaskClient.swift */,
				E15FAFEFA8390A288FBEBFEE /* RemoteTaskDraftStore.swift */,
				451D9CD32F9422E4DF1FA1F8 /* RemoteTaskPresentationModel.swift */,
				C60E43F52F5E56EFEEAF8528 /* RemoteTaskViews.swift */,
				2F1C7AD9BDAF97493D0648FE /* StandByLayout.swift */,
				41E67AD02EED25797D82B1BE /* AgentOps */,
			);
			path = CodeIslandCompanion;
			sourceTree = "<group>";
		};
		8CBE327D4E5991FEA8BFCA41 /* CodeIsland */ = {
			isa = PBXGroup;
			children = (
				312741CE7E44499956C35C45 /* AntiGravityView.swift */,
				83B07028BAA056A1DA7C7791 /* BuddyView.swift */,
				F96CB90CA9C700A293F0F841 /* ClineView.swift */,
				7F7787F642A8E89A5AA5FFFC /* CopilotView.swift */,
				A637A87231D2C2493FF97990 /* CursorView.swift */,
				A6470A3909D478701A3B07E5 /* DexView.swift */,
				0E1D4BD6D6F35284006F9354 /* DroidView.swift */,
				7CA2D1F95A933787580CCAA6 /* GeminiView.swift */,
				BE12267AF913F735B14B643A /* HermesView.swift */,
				53EE587DE1B0740F9A5B0B19 /* KimiView.swift */,
				77D70D07D1A0B8E65A8B9C66 /* MascotMotion.swift */,
				D972640FA1E9018DDC125FAD /* MascotTimeline.swift */,
				23F0ECA53BBAD64BA8C9771F /* OpenCodeView.swift */,
				C6345881A14A90FBB79C7453 /* PixelCharacterView.swift */,
				C5393F6AABCBEEDA6A832553 /* QoderView.swift */,
				4978BAC1D31033F1CFFA542C /* QwenView.swift */,
				FB1A12DC31BC8AC80FFB96D8 /* StepFunView.swift */,
				0A7D0B4EC41F3FEC24838746 /* TraeView.swift */,
				4F91D3F784C8F89A31E63158 /* WorkBuddyView.swift */,
			);
			name = CodeIsland;
			path = ../../Sources/CodeIsland;
			sourceTree = "<group>";
		};
		97FCB4AC3D3BC3CC86B0E029 /* CodeIslandShareExtension */ = {
			isa = PBXGroup;
			children = (
				3B828985819DA6B54488EE88 /* CodeIslandShareExtension.entitlements */,
				BAC098A964E741CB93516695 /* Info.plist */,
				92F2FBDC2CDC04ABD7B7CCB4 /* ShareViewController.swift */,
			);
			path = CodeIslandShareExtension;
			sourceTree = "<group>";
		};
		B7C74B58379C162633B0AB71 /* Products */ = {
			isa = PBXGroup;
			children = (
				9A2B84F4F96272BE5A760B08 /* CodeIslandCompanion.app */,
				EF87924363E319F5C648F0C0 /* CodeIslandCompanionTests.xctest */,
				6516178F733B86DDF5CD26E0 /* CodeIslandCompanionUITests.xctest */,
				1CD9F5E97A2CDBC4E3F54478 /* CodeIslandCompanionWidget.appex */,
				FF717DF0B64B4C9599DEC65A /* CodeIslandShareExtension.appex */,
			);
			name = Products;
			sourceTree = "<group>";
		};
		D46B227CDC7966021E3773E0 /* CodeIslandCompanionUITests */ = {
			isa = PBXGroup;
			children = (
				D78FA9B17D5BB160C8E714F6 /* CodeIslandCompanionUITests.swift */,
				683697BA44F284DC6FFD36DA /* StandByLayoutTests.swift */,
			);
			path = CodeIslandCompanionUITests;
			sourceTree = "<group>";
		};
		D4F4B4DFF32FD06A20C575CA = {
			isa = PBXGroup;
			children = (
				8CBE327D4E5991FEA8BFCA41 /* CodeIsland */,
				8190E5C61FF4340B8909CD4F /* CodeIslandCompanion */,
				6D21008F0646C13F20FD24E3 /* CodeIslandCompanionTests */,
				D46B227CDC7966021E3773E0 /* CodeIslandCompanionUITests */,
				0A19C73F7436290AB43A0733 /* CodeIslandCompanionWidget */,
				50F07FE3ABD9B8EF0309E482 /* CodeIslandCore */,
				97FCB4AC3D3BC3CC86B0E029 /* CodeIslandShareExtension */,
				4B5DC446285A66B2D47E6894 /* Shared */,
				591F9D78369A6A5807FCBD6A /* Frameworks */,
				B7C74B58379C162633B0AB71 /* Products */,
			);
			sourceTree = "<group>";
		};
/* End PBXGroup section */

/* Begin PBXNativeTarget section */
		69D8BEE53F6283C107728C74 /* CodeIslandCompanionTests */ = {
			isa = PBXNativeTarget;
			buildConfigurationList = 04AA0F1210C8B2115E8ED693 /* Build configuration list for PBXNativeTarget "CodeIslandCompanionTests" */;
			buildPhases = (
				723FD7F80E3B4F96773DE5AC /* Sources */,
				E02C02E1F619C3D86813667A /* Frameworks */,
			);
			buildRules = (
			);
			dependencies = (
				A9FEC536ABFA2C349AA5DBFF /* PBXTargetDependency */,
			);
			name = CodeIslandCompanionTests;
			packageProductDependencies = (
				466771A9FC33CB2A83749024 /* Auth */,
			);
			productName = CodeIslandCompanionTests;
			productReference = EF87924363E319F5C648F0C0 /* CodeIslandCompanionTests.xctest */;
			productType = "com.apple.product-type.bundle.unit-test";
		};
		98B3A00FDF4C8093790E92A5 /* CodeIslandCompanionWidget */ = {
			isa = PBXNativeTarget;
			buildConfigurationList = 8B1AD1C2E22A23BD4CDC2ACF /* Build configuration list for PBXNativeTarget "CodeIslandCompanionWidget" */;
			buildPhases = (
				36420257A13FEAE65757B716 /* Sources */,
			);
			buildRules = (
			);
			dependencies = (
			);
			name = CodeIslandCompanionWidget;
			packageProductDependencies = (
			);
			productName = CodeIslandCompanionWidget;
			productReference = 1CD9F5E97A2CDBC4E3F54478 /* CodeIslandCompanionWidget.appex */;
			productType = "com.apple.product-type.app-extension";
		};
		9F317C99DDB28B98F19D9198 /* CodeIslandShareExtension */ = {
			isa = PBXNativeTarget;
			buildConfigurationList = AE0576FAA2FDE7D543D75830 /* Build configuration list for PBXNativeTarget "CodeIslandShareExtension" */;
			buildPhases = (
				96CE0C0B35DCD404BB2AA5B2 /* Sources */,
			);
			buildRules = (
			);
			dependencies = (
			);
			name = CodeIslandShareExtension;
			packageProductDependencies = (
			);
			productName = CodeIslandShareExtension;
			productReference = FF717DF0B64B4C9599DEC65A /* CodeIslandShareExtension.appex */;
			productType = "com.apple.product-type.app-extension";
		};
		B4BEC668A900808C83219452 /* CodeIslandCompanionUITests */ = {
			isa = PBXNativeTarget;
			buildConfigurationList = A4CCE8D20BB83E3C61AE9D46 /* Build configuration list for PBXNativeTarget "CodeIslandCompanionUITests" */;
			buildPhases = (
				81C079406B4905958C6BCFAA /* Sources */,
			);
			buildRules = (
			);
			dependencies = (
				40E50F3A6C92EA7E62C7AF56 /* PBXTargetDependency */,
			);
			name = CodeIslandCompanionUITests;
			packageProductDependencies = (
			);
			productName = CodeIslandCompanionUITests;
			productReference = 6516178F733B86DDF5CD26E0 /* CodeIslandCompanionUITests.xctest */;
			productType = "com.apple.product-type.bundle.ui-testing";
		};
		F3973306BF558558774D5BD7 /* CodeIslandCompanion */ = {
			isa = PBXNativeTarget;
			buildConfigurationList = B1E48881EB1FEA099CD166C8 /* Build configuration list for PBXNativeTarget "CodeIslandCompanion" */;
			buildPhases = (
				26EBA7CC09FF3A74C1057A7A /* Sources */,
				AB5C2542C8920112ACD66589 /* Resources */,
				BEBD44ADD46D108AA6EE4C5A /* Frameworks */,
				8BEF37F14AECEEF2F1446564 /* Embed Foundation Extensions */,
			);
			buildRules = (
			);
			dependencies = (
				A2BC3F7D6ACCF66CA492DBC4 /* PBXTargetDependency */,
				7452003D57722CEFE1EB3393 /* PBXTargetDependency */,
			);
			name = CodeIslandCompanion;
			packageProductDependencies = (
				97DDD0069829875C6B93E9D0 /* Auth */,
				D178CBC0C494A14AAE010865 /* WebRTC */,
			);
			productName = CodeIslandCompanion;
			productReference = 9A2B84F4F96272BE5A760B08 /* CodeIslandCompanion.app */;
			productType = "com.apple.product-type.application";
		};
/* End PBXNativeTarget section */

/* Begin PBXProject section */
		C86DC231658B41C7E38FF15A /* Project object */ = {
			isa = PBXProject;
			attributes = {
				BuildIndependentTargetsInParallel = YES;
				LastUpgradeCheck = 1430;
				TargetAttributes = {
					69D8BEE53F6283C107728C74 = {
						DevelopmentTeam = 44JG2Y95CH;
						ProvisioningStyle = Automatic;
					};
					98B3A00FDF4C8093790E92A5 = {
						DevelopmentTeam = 44JG2Y95CH;
					};
					9F317C99DDB28B98F19D9198 = {
						DevelopmentTeam = 44JG2Y95CH;
					};
					B4BEC668A900808C83219452 = {
						DevelopmentTeam = 44JG2Y95CH;
						ProvisioningStyle = Automatic;
						TestTargetID = F3973306BF558558774D5BD7;
					};
					F3973306BF558558774D5BD7 = {
						DevelopmentTeam = 44JG2Y95CH;
					};
				};
			};
			buildConfigurationList = 617E42F1DB082A010DA4EA86 /* Build configuration list for PBXProject "CodeIslandCompanion" */;
			developmentRegion = en;
			hasScannedForEncodings = 0;
			knownRegions = (
				Base,
				en,
			);
			mainGroup = D4F4B4DFF32FD06A20C575CA;
			minimizedProjectReferenceProxies = 1;
			packageReferences = (
				649EAE55C9E6EDA1EE54162A /* XCRemoteSwiftPackageReference "supabase-swift" */,
				309B7D09C1E4280B6FA6C97B /* XCRemoteSwiftPackageReference "WebRTC" */,
			);
			preferredProjectObjectVersion = 77;
			productRefGroup = B7C74B58379C162633B0AB71 /* Products */;
			projectDirPath = "";
			projectRoot = "";
			targets = (
				F3973306BF558558774D5BD7 /* CodeIslandCompanion */,
				98B3A00FDF4C8093790E92A5 /* CodeIslandCompanionWidget */,
				9F317C99DDB28B98F19D9198 /* CodeIslandShareExtension */,
				B4BEC668A900808C83219452 /* CodeIslandCompanionUITests */,
				69D8BEE53F6283C107728C74 /* CodeIslandCompanionTests */,
			);
		};
/* End PBXProject section */

/* Begin PBXResourcesBuildPhase section */
		AB5C2542C8920112ACD66589 /* Resources */ = {
			isa = PBXResourcesBuildPhase;
			buildActionMask = 2147483647;
			files = (
				BF2B5114F1EA889DDAE9098D /* Assets.xcassets in Resources */,
				632DF62531C30A5489CE9819 /* LaunchScreen.storyboard in Resources */,
			);
			runOnlyForDeploymentPostprocessing = 0;
		};
/* End PBXResourcesBuildPhase section */

/* Begin PBXSourcesBuildPhase section */
		26EBA7CC09FF3A74C1057A7A /* Sources */ = {
			isa = PBXSourcesBuildPhase;
			buildActionMask = 2147483647;
			files = (
				A10000000000000000000008 /* AgentOpsAttentionView.swift in Sources */,
				74E713537176F063A83E6D2B /* AgentOpsAuthStore.swift in Sources */,
				4B47C3A5E2708E74C568ED0F /* AgentOpsClient.swift in Sources */,
				D62F806D7BADA0A0E8A17110 /* AgentOpsModels.swift in Sources */,
				DDCBBD7A935DB146F02BC61B /* AgentOpsRootStore.swift in Sources */,
				A10000000000000000000007 /* AgentOpsTaskView.swift in Sources */,
				9A46A7A4F1790AD9875A99D7 /* AgentOpsTurnTool.swift in Sources */,
				A10000000000000000000003 /* AgentOpsVoiceView.swift in Sources */,
				A10000000000000000000002 /* AgentOpsVoiceViewModel.swift in Sources */,
				A10000000000000000000004 /* AgentOpsVoiceOrb.swift in Sources */,
				A10000000000000000000006 /* AgentOpsWorkView.swift in Sources */,
				F6BF2F0FBFE41711C6160DFE /* AntiGravityView.swift in Sources */,
				FC9D256D2F2BC3010E633FBF /* BuddyView.swift in Sources */,
				AF508E52E331531A53A2EA2B /* ClineView.swift in Sources */,
				D47274A29745CA64E55F1C21 /* CodeIslandActivityAttributes.swift in Sources */,
				0190F180CA1516FF19DE1D09 /* CodeIslandActivityState+Payload.swift in Sources */,
				E68821732380BF7CAF637D97 /* CodeIslandAppIntents.swift in Sources */,
				1B9E327493AEBEDF3E0511C6 /* CodeIslandCompanionApp.swift in Sources */,
				4139C6B9F534280C1A27328C /* CommandRisk.swift in Sources */,
				7C94AF24FE483E75AFB02FE4 /* CompanionAppDelegate.swift in Sources */,
				F2A37C4EDA80546E6307A8D6 /* CompanionBluetoothCentral.swift in Sources */,
				81B4DE0F0C16357E0804F68F /* CompanionCommandCenterModel.swift in Sources */,
				6D443E3978F822AB9834CB1D /* CompanionCommandCenterView.swift in Sources */,
				C5A39883D2868CF21FDD3A15 /* CompanionConnection.swift in Sources */,
				9F7CB1CDE599F3DF71E5738C /* CompanionDisplayText.swift in Sources */,
				B6D725A91443A9EC1E4F95A2 /* CompanionFirst.swift in Sources */,
				C1B00C9DC300515350E75603 /* CompanionMascotView.swift in Sources */,
				ED41E65AAA673D9FBFD48377 /* CompanionModels.swift in Sources */,
				B7CB440FDD0903B05E12AA85 /* ContentView.swift in Sources */,
				B6E51EE8DB8BF988DACB1276 /* CopilotView.swift in Sources */,
				6C444954B6DA9F0B542304EE /* CursorView.swift in Sources */,
				56486A706E0A4FFBF3BE9F34 /* DexView.swift in Sources */,
				9FAB64A752F6142AAD32E5B6 /* DroidView.swift in Sources */,
				57D3C0DB02580B82815A37DD /* GeminiView.swift in Sources */,
				F6A28D1C6855BA337D8076F8 /* HermesView.swift in Sources */,
				E04C1A6FD543058CDBC1754B /* KimiView.swift in Sources */,
				3AEB7FB2BC4A5B04E4FE6FEB /* LiveActivityController.swift in Sources */,
				8E04B2E58164AA89E6D92AE6 /* LiveActivityLifecycle.swift in Sources */,
				53DCB0D0D0D9FBBF1E6E7560 /* MascotMotion.swift in Sources */,
				CB75CCB077BD30395637DFCA /* MascotTimeline.swift in Sources */,
				EE9571C25D71CBAA30B036D1 /* MediaPreflightView.swift in Sources */,
				60EDB1D15F768EF9BEA51D31 /* OpenCodeView.swift in Sources */,
				627A394BE38C43B7815C44B1 /* PersonalHubProtocol.swift in Sources */,
				5FFF36D08AECEF380207B9A8 /* PersonalHubView.swift in Sources */,
				360FEB3C9F4DA28284E96288 /* PixelCharacterView.swift in Sources */,
				977FDE1B19E4DF1F5985EC0D /* QoderView.swift in Sources */,
				A19C06D932D5A5FE5DF0D513 /* QwenView.swift in Sources */,
				FF689EE643DA02D9DCD26580 /* RealtimeProtocol.swift in Sources */,
				967757FE0C6C075F82A21B2D /* RealtimeTransport.swift in Sources */,
				6919B3BB7246E6928F77FF07 /* RemoteApprovalClient.swift in Sources */,
				F5C7B317A6F347087EE8D57D /* RemoteApprovalProtocol.swift in Sources */,
				5595E2189BC2645718CEB77F /* RemoteApprovalView.swift in Sources */,
				53F367C8A64DCB73E33E1770 /* RemoteTaskClient.swift in Sources */,
				FE6191EFA6931886CB32D7A8 /* RemoteTaskDraftStore.swift in Sources */,
				5D48115BDFAB52F894FC4A95 /* RemoteTaskPresentationModel.swift in Sources */,
				37A3225ED88E544CA2691F17 /* RemoteTaskProtocol.swift in Sources */,
				6CD3BCEA3F590C9B2DAF17A4 /* RemoteTaskViews.swift in Sources */,
				BF91C478FCA3DB5406770EC8 /* SharedDraftInbox.swift in Sources */,
				396FBAE8C75D88E0A0DAFAFC /* SharedMascotView.swift in Sources */,
				CC8BFCADB0C71D1EC54DCD50 /* StandByLayout.swift in Sources */,
				156EAC31E1DA9EDD3541AFBF /* StaselWebRTCEngine.swift in Sources */,
				6DB070CD0CB5259D6341C29F /* StepFunView.swift in Sources */,
				454B79632040B38A8EE556B1 /* TraeView.swift in Sources */,
				8C278F617B8CC42C0FE193F3 /* VoiceSessionCoordinator.swift in Sources */,
				1D11B16C1B210624D641AAC2 /* VoiceSessionReducer.swift in Sources */,
				A10000000000000000000005 /* VoiceTranscriptView.swift in Sources */,
				C28E22B3696BD872D48746E4 /* WatchStateStore.swift in Sources */,
				5CC36A8128BA65E2481142C1 /* WorkBuddyView.swift in Sources */,
			);
			runOnlyForDeploymentPostprocessing = 0;
		};
		36420257A13FEAE65757B716 /* Sources */ = {
			isa = PBXSourcesBuildPhase;
			buildActionMask = 2147483647;
			files = (
				1A9B2D28C0B651802CC22E46 /* AntiGravityView.swift in Sources */,
				8087A336412F9084936AF405 /* BuddyView.swift in Sources */,
				EB3D23EDE1100113E8909302 /* ClineView.swift in Sources */,
				EF55FCB89771F97175749ECF /* CodeIslandActivityAttributes.swift in Sources */,
				D6346705BBF85F63A3C032D8 /* CodeIslandCompanionWidgetBundle.swift in Sources */,
				E15456F718660AE320B7F65F /* CodeIslandLiveActivityWidget.swift in Sources */,
				892225EA1A62EA16B21E2E36 /* CompanionDisplayText.swift in Sources */,
				F894E1D744DA83959EB19554 /* CopilotView.swift in Sources */,
				A6EAB4F70D77D31647CAE26E /* CursorView.swift in Sources */,
				F29B008893CA6F336BE93A42 /* DexView.swift in Sources */,
				DEACE91A83CD52B2B6394CC9 /* DroidView.swift in Sources */,
				6123D11F09A767D4AFDA5AD3 /* GeminiView.swift in Sources */,
				FC987B58F87CFE9638DBC90E /* HermesView.swift in Sources */,
				8DDDF81D31DDBF87F1470A97 /* KimiView.swift in Sources */,
				066BAB67FFF6698F1AA3A05A /* MascotMotion.swift in Sources */,
				B9B0C0DC10657D28DC2E1EDD /* MascotTimeline.swift in Sources */,
				CD4FAD4958AD915D8E759FFB /* OpenCodeView.swift in Sources */,
				DECE043D8EAE0EEEA3417557 /* PixelCharacterView.swift in Sources */,
				7F8B015A60EAD665A97191D6 /* QoderView.swift in Sources */,
				136C1DFA4E4F80076A794410 /* QwenView.swift in Sources */,
				75953A34987FA661A54B274E /* SharedDraftInbox.swift in Sources */,
				A370B957E19B18B5121C92B4 /* SharedMascotView.swift in Sources */,
				61E65895CCEBAD88E0183D08 /* StepFunView.swift in Sources */,
				DF8181D3224DFA462CB9E0FA /* TraeView.swift in Sources */,
				D37C3157D91B8B67E80B095D /* WatchStateStore.swift in Sources */,
				7B84614D6F40BEDB519D5F13 /* WorkBuddyView.swift in Sources */,
			);
			runOnlyForDeploymentPostprocessing = 0;
		};
		723FD7F80E3B4F96773DE5AC /* Sources */ = {
			isa = PBXSourcesBuildPhase;
			buildActionMask = 2147483647;
			files = (
				8B65B8EA77888BF1177486AF /* AgentOpsAuthStoreTests.swift in Sources */,
				44F0306BE05E191502825906 /* AgentOpsClientTests.swift in Sources */,
				0A63C2A309C80A5928E899AC /* AgentOpsTurnToolTests.swift in Sources */,
				A10000000000000000000001 /* AgentOpsVoiceViewModelTests.swift in Sources */,
				2FA3FC431FCD358EFF788B4B /* AudioSessionPolicyTests.swift in Sources */,
				D582784A60899FA99920FCAC /* CompanionCommandCenterModelTests.swift in Sources */,
				64A404C2705D91907914EFBB /* CompanionPushPresentationTests.swift in Sources */,
				AF04FA0B6B595450B609DCBA /* LiveActivityPrivacyTests.swift in Sources */,
				8482851DDA50BEB92C429199 /* RemoteTaskClientTests.swift in Sources */,
				48D08AC36EBE0CAF9CDC82F7 /* RemoteTaskDraftStoreTests.swift in Sources */,
				B670B6680116E6F25D54A4BE /* RemoteTaskPresentationModelTests.swift in Sources */,
				8A64C36048AEFE0D88246603 /* SharedDraftInboxTests.swift in Sources */,
				216F47F88347C45BCC7A6B4E /* VoiceSessionCoordinatorTests.swift in Sources */,
				91DE994E835A9FF0397C60EB /* VoiceSessionReducerTests.swift in Sources */,
			);
			runOnlyForDeploymentPostprocessing = 0;
		};
		81C079406B4905958C6BCFAA /* Sources */ = {
			isa = PBXSourcesBuildPhase;
			buildActionMask = 2147483647;
			files = (
				9C43FBF323733C72F963E4EE /* CodeIslandCompanionUITests.swift in Sources */,
				AB197B458D906CA80DE838DD /* StandByLayout.swift in Sources */,
				77548822FFD6282873D688CC /* StandByLayoutTests.swift in Sources */,
			);
			runOnlyForDeploymentPostprocessing = 0;
		};
		96CE0C0B35DCD404BB2AA5B2 /* Sources */ = {
			isa = PBXSourcesBuildPhase;
			buildActionMask = 2147483647;
			files = (
				FA55A79BCE2E50BFE00A881E /* ShareViewController.swift in Sources */,
				E1D6A16CF95EC09FD79F0DF7 /* SharedDraftInbox.swift in Sources */,
			);
			runOnlyForDeploymentPostprocessing = 0;
		};
/* End PBXSourcesBuildPhase section */

/* Begin PBXTargetDependency section */
		40E50F3A6C92EA7E62C7AF56 /* PBXTargetDependency */ = {
			isa = PBXTargetDependency;
			target = F3973306BF558558774D5BD7 /* CodeIslandCompanion */;
			targetProxy = BB58FA90F24E52E7796C4B5E /* PBXContainerItemProxy */;
		};
		7452003D57722CEFE1EB3393 /* PBXTargetDependency */ = {
			isa = PBXTargetDependency;
			target = 9F317C99DDB28B98F19D9198 /* CodeIslandShareExtension */;
			targetProxy = E10A202160F42286FB6E60F0 /* PBXContainerItemProxy */;
		};
		A2BC3F7D6ACCF66CA492DBC4 /* PBXTargetDependency */ = {
			isa = PBXTargetDependency;
			target = 98B3A00FDF4C8093790E92A5 /* CodeIslandCompanionWidget */;
			targetProxy = 1E6092132DEF91DC316807BF /* PBXContainerItemProxy */;
		};
		A9FEC536ABFA2C349AA5DBFF /* PBXTargetDependency */ = {
			isa = PBXTargetDependency;
			target = F3973306BF558558774D5BD7 /* CodeIslandCompanion */;
			targetProxy = C6E98D93E0EEAEEDFB5EDB8C /* PBXContainerItemProxy */;
		};
/* End PBXTargetDependency section */

/* Begin XCBuildConfiguration section */
		08C809767E51DD6F2FDD2E2C /* Release */ = {
			isa = XCBuildConfiguration;
			buildSettings = {
				AGENTOPS_BASE_URL = "https://voice.agentops.revopsglobal.com";
				AGENTOPS_SUPABASE_ANON_KEY = "";
				AGENTOPS_SUPABASE_URL = "https://yyizocyaehmqrottmnaz.supabase.co";
				ALWAYS_SEARCH_USER_PATHS = NO;
				CLANG_ANALYZER_NONNULL = YES;
				CLANG_ANALYZER_NUMBER_OBJECT_CONVERSION = YES_AGGRESSIVE;
				CLANG_CXX_LANGUAGE_STANDARD = "gnu++14";
				CLANG_CXX_LIBRARY = "libc++";
				CLANG_ENABLE_MODULES = YES;
				CLANG_ENABLE_OBJC_ARC = YES;
				CLANG_ENABLE_OBJC_WEAK = YES;
				CLANG_WARN_BLOCK_CAPTURE_AUTORELEASING = YES;
				CLANG_WARN_BOOL_CONVERSION = YES;
				CLANG_WARN_COMMA = YES;
				CLANG_WARN_CONSTANT_CONVERSION = YES;
				CLANG_WARN_DEPRECATED_OBJC_IMPLEMENTATIONS = YES;
				CLANG_WARN_DIRECT_OBJC_ISA_USAGE = YES_ERROR;
				CLANG_WARN_DOCUMENTATION_COMMENTS = YES;
				CLANG_WARN_EMPTY_BODY = YES;
				CLANG_WARN_ENUM_CONVERSION = YES;
				CLANG_WARN_INFINITE_RECURSION = YES;
				CLANG_WARN_INT_CONVERSION = YES;
				CLANG_WARN_NON_LITERAL_NULL_CONVERSION = YES;
				CLANG_WARN_OBJC_IMPLICIT_RETAIN_SELF = YES;
				CLANG_WARN_OBJC_LITERAL_CONVERSION = YES;
				CLANG_WARN_OBJC_ROOT_CLASS = YES_ERROR;
				CLANG_WARN_QUOTED_INCLUDE_IN_FRAMEWORK_HEADER = YES;
				CLANG_WARN_RANGE_LOOP_ANALYSIS = YES;
				CLANG_WARN_STRICT_PROTOTYPES = YES;
				CLANG_WARN_SUSPICIOUS_MOVE = YES;
				CLANG_WARN_UNGUARDED_AVAILABILITY = YES_AGGRESSIVE;
				CLANG_WARN_UNREACHABLE_CODE = YES;
				CLANG_WARN__DUPLICATE_METHOD_MATCH = YES;
				CODE_SIGN_STYLE = Automatic;
				COPY_PHASE_STRIP = NO;
				CURRENT_PROJECT_VERSION = 4;
				DEBUG_INFORMATION_FORMAT = "dwarf-with-dsym";
				DEVELOPMENT_TEAM = 44JG2Y95CH;
				ENABLE_NS_ASSERTIONS = NO;
				ENABLE_STRICT_OBJC_MSGSEND = YES;
				GCC_C_LANGUAGE_STANDARD = gnu11;
				GCC_NO_COMMON_BLOCKS = YES;
				GCC_WARN_64_TO_32_BIT_CONVERSION = YES;
				GCC_WARN_ABOUT_RETURN_TYPE = YES_ERROR;
				GCC_WARN_UNDECLARED_SELECTOR = YES;
				GCC_WARN_UNINITIALIZED_AUTOS = YES_AGGRESSIVE;
				GCC_WARN_UNUSED_FUNCTION = YES;
				GCC_WARN_UNUSED_VARIABLE = YES;
				IPHONEOS_DEPLOYMENT_TARGET = 17.0;
				MARKETING_VERSION = 1.0.0;
				MTL_ENABLE_DEBUG_INFO = NO;
				MTL_FAST_MATH = YES;
				PRODUCT_NAME = "$(TARGET_NAME)";
				SDKROOT = iphoneos;
				SWIFT_COMPILATION_MODE = wholemodule;
				SWIFT_OPTIMIZATION_LEVEL = "-O";
				SWIFT_VERSION = 5.0;
			};
			name = Release;
		};
		114D131E39CBBCA6DFD05A54 /* Debug */ = {
			isa = XCBuildConfiguration;
			buildSettings = {
				APPLICATION_EXTENSION_API_ONLY = YES;
				CODE_SIGN_ENTITLEMENTS = CodeIslandShareExtension/CodeIslandShareExtension.entitlements;
				INFOPLIST_FILE = CodeIslandShareExtension/Info.plist;
				IPHONEOS_DEPLOYMENT_TARGET = 17.0;
				LD_RUNPATH_SEARCH_PATHS = (
					"$(inherited)",
					"@executable_path/Frameworks",
					"@executable_path/../../Frameworks",
				);
				PRODUCT_BUNDLE_IDENTIFIER = com.revopsglobal.codeisland.buddy.share;
				SDKROOT = iphoneos;
				SKIP_INSTALL = YES;
				TARGETED_DEVICE_FAMILY = 1;
			};
			name = Debug;
		};
		4C0F87C6E1B001694C287EB6 /* Debug */ = {
			isa = XCBuildConfiguration;
			buildSettings = {
				AGENTOPS_BASE_URL = "https://voice.agentops.revopsglobal.com";
				AGENTOPS_SUPABASE_ANON_KEY = "";
				AGENTOPS_SUPABASE_URL = "https://yyizocyaehmqrottmnaz.supabase.co";
				ALWAYS_SEARCH_USER_PATHS = NO;
				CLANG_ANALYZER_NONNULL = YES;
				CLANG_ANALYZER_NUMBER_OBJECT_CONVERSION = YES_AGGRESSIVE;
				CLANG_CXX_LANGUAGE_STANDARD = "gnu++14";
				CLANG_CXX_LIBRARY = "libc++";
				CLANG_ENABLE_MODULES = YES;
				CLANG_ENABLE_OBJC_ARC = YES;
				CLANG_ENABLE_OBJC_WEAK = YES;
				CLANG_WARN_BLOCK_CAPTURE_AUTORELEASING = YES;
				CLANG_WARN_BOOL_CONVERSION = YES;
				CLANG_WARN_COMMA = YES;
				CLANG_WARN_CONSTANT_CONVERSION = YES;
				CLANG_WARN_DEPRECATED_OBJC_IMPLEMENTATIONS = YES;
				CLANG_WARN_DIRECT_OBJC_ISA_USAGE = YES_ERROR;
				CLANG_WARN_DOCUMENTATION_COMMENTS = YES;
				CLANG_WARN_EMPTY_BODY = YES;
				CLANG_WARN_ENUM_CONVERSION = YES;
				CLANG_WARN_INFINITE_RECURSION = YES;
				CLANG_WARN_INT_CONVERSION = YES;
				CLANG_WARN_NON_LITERAL_NULL_CONVERSION = YES;
				CLANG_WARN_OBJC_IMPLICIT_RETAIN_SELF = YES;
				CLANG_WARN_OBJC_LITERAL_CONVERSION = YES;
				CLANG_WARN_OBJC_ROOT_CLASS = YES_ERROR;
				CLANG_WARN_QUOTED_INCLUDE_IN_FRAMEWORK_HEADER = YES;
				CLANG_WARN_RANGE_LOOP_ANALYSIS = YES;
				CLANG_WARN_STRICT_PROTOTYPES = YES;
				CLANG_WARN_SUSPICIOUS_MOVE = YES;
				CLANG_WARN_UNGUARDED_AVAILABILITY = YES_AGGRESSIVE;
				CLANG_WARN_UNREACHABLE_CODE = YES;
				CLANG_WARN__DUPLICATE_METHOD_MATCH = YES;
				CODE_SIGN_STYLE = Automatic;
				COPY_PHASE_STRIP = NO;
				CURRENT_PROJECT_VERSION = 4;
				DEBUG_INFORMATION_FORMAT = dwarf;
				DEVELOPMENT_TEAM = 44JG2Y95CH;
				ENABLE_STRICT_OBJC_MSGSEND = YES;
				ENABLE_TESTABILITY = YES;
				GCC_C_LANGUAGE_STANDARD = gnu11;
				GCC_DYNAMIC_NO_PIC = NO;
				GCC_NO_COMMON_BLOCKS = YES;
				GCC_OPTIMIZATION_LEVEL = 0;
				GCC_PREPROCESSOR_DEFINITIONS = (
					"$(inherited)",
					"DEBUG=1",
				);
				GCC_WARN_64_TO_32_BIT_CONVERSION = YES;
				GCC_WARN_ABOUT_RETURN_TYPE = YES_ERROR;
				GCC_WARN_UNDECLARED_SELECTOR = YES;
				GCC_WARN_UNINITIALIZED_AUTOS = YES_AGGRESSIVE;
				GCC_WARN_UNUSED_FUNCTION = YES;
				GCC_WARN_UNUSED_VARIABLE = YES;
				IPHONEOS_DEPLOYMENT_TARGET = 17.0;
				MARKETING_VERSION = 1.0.0;
				MTL_ENABLE_DEBUG_INFO = INCLUDE_SOURCE;
				MTL_FAST_MATH = YES;
				ONLY_ACTIVE_ARCH = YES;
				PRODUCT_NAME = "$(TARGET_NAME)";
				SDKROOT = iphoneos;
				SWIFT_ACTIVE_COMPILATION_CONDITIONS = DEBUG;
				SWIFT_OPTIMIZATION_LEVEL = "-Onone";
				SWIFT_VERSION = 5.0;
			};
			name = Debug;
		};
		50DD7B81379051DB778216CF /* Debug */ = {
			isa = XCBuildConfiguration;
			buildSettings = {
				ASSETCATALOG_COMPILER_GENERATE_SWIFT_ASSET_SYMBOL_EXTENSIONS = NO;
				INFOPLIST_FILE = CodeIslandCompanionWidget/Info.plist;
				IPHONEOS_DEPLOYMENT_TARGET = 17.0;
				LD_RUNPATH_SEARCH_PATHS = (
					"$(inherited)",
					"@executable_path/Frameworks",
					"@executable_path/../../Frameworks",
				);
				PRODUCT_BUNDLE_IDENTIFIER = com.revopsglobal.codeisland.buddy.widget;
				SDKROOT = iphoneos;
				SKIP_INSTALL = YES;
				TARGETED_DEVICE_FAMILY = 1;
			};
			name = Debug;
		};
		5CF993E2112406641DF63393 /* Release */ = {
			isa = XCBuildConfiguration;
			buildSettings = {
				BUNDLE_LOADER = "$(TEST_HOST)";
				GENERATE_INFOPLIST_FILE = YES;
				IPHONEOS_DEPLOYMENT_TARGET = 17.0;
				LD_RUNPATH_SEARCH_PATHS = (
					"$(inherited)",
					"@executable_path/Frameworks",
					"@loader_path/Frameworks",
				);
				PRODUCT_BUNDLE_IDENTIFIER = com.revopsglobal.codeisland.buddy.uitests;
				SDKROOT = iphoneos;
				TARGETED_DEVICE_FAMILY = 1;
				TEST_TARGET_NAME = CodeIslandCompanion;
			};
			name = Release;
		};
		610D461328F4CA8DEE857634 /* Debug */ = {
			isa = XCBuildConfiguration;
			buildSettings = {
				BUNDLE_LOADER = "$(TEST_HOST)";
				GENERATE_INFOPLIST_FILE = YES;
				IPHONEOS_DEPLOYMENT_TARGET = 17.0;
				LD_RUNPATH_SEARCH_PATHS = (
					"$(inherited)",
					"@executable_path/Frameworks",
					"@loader_path/Frameworks",
				);
				PRODUCT_BUNDLE_IDENTIFIER = com.revopsglobal.codeisland.buddy.uitests;
				SDKROOT = iphoneos;
				TARGETED_DEVICE_FAMILY = 1;
				TEST_TARGET_NAME = CodeIslandCompanion;
			};
			name = Debug;
		};
		74603115470E26336E6FEFCB /* Release */ = {
			isa = XCBuildConfiguration;
			buildSettings = {
				APS_ENVIRONMENT = production;
				ASSETCATALOG_COMPILER_APPICON_NAME = AppIcon;
				ASSETCATALOG_COMPILER_GENERATE_SWIFT_ASSET_SYMBOL_EXTENSIONS = NO;
				CODE_SIGN_ENTITLEMENTS = CodeIslandCompanion/CodeIslandCompanion.entitlements;
				CODE_SIGN_IDENTITY = "iPhone Distribution";
				CODE_SIGN_STYLE = Manual;
				INFOPLIST_FILE = CodeIslandCompanion/Info.plist;
				IPHONEOS_DEPLOYMENT_TARGET = 17.0;
				LD_RUNPATH_SEARCH_PATHS = (
					"$(inherited)",
					"@executable_path/Frameworks",
				);
				PRODUCT_BUNDLE_IDENTIFIER = com.revopsglobal.codeisland.buddy;
				PROVISIONING_PROFILE_SPECIFIER = "CodeIsland Buddy App Store";
				SDKROOT = iphoneos;
				TARGETED_DEVICE_FAMILY = 1;
			};
			name = Release;
		};
		84385E3DE216637FBD572695 /* Debug */ = {
			isa = XCBuildConfiguration;
			buildSettings = {
				BUNDLE_LOADER = "$(TEST_HOST)";
				GENERATE_INFOPLIST_FILE = YES;
				IPHONEOS_DEPLOYMENT_TARGET = 17.0;
				LD_RUNPATH_SEARCH_PATHS = (
					"$(inherited)",
					"@executable_path/Frameworks",
					"@loader_path/Frameworks",
				);
				PRODUCT_BUNDLE_IDENTIFIER = com.revopsglobal.codeisland.buddy.tests;
				SDKROOT = iphoneos;
				TARGETED_DEVICE_FAMILY = 1;
				TEST_HOST = "$(BUILT_PRODUCTS_DIR)/CodeIslandCompanion.app/CodeIslandCompanion";
			};
			name = Debug;
		};
		A502926522AD1379473E3AAC /* Release */ = {
			isa = XCBuildConfiguration;
			buildSettings = {
				ASSETCATALOG_COMPILER_GENERATE_SWIFT_ASSET_SYMBOL_EXTENSIONS = NO;
				CODE_SIGN_IDENTITY = "iPhone Distribution";
				CODE_SIGN_STYLE = Manual;
				INFOPLIST_FILE = CodeIslandCompanionWidget/Info.plist;
				IPHONEOS_DEPLOYMENT_TARGET = 17.0;
				LD_RUNPATH_SEARCH_PATHS = (
					"$(inherited)",
					"@executable_path/Frameworks",
					"@executable_path/../../Frameworks",
				);
				PRODUCT_BUNDLE_IDENTIFIER = com.revopsglobal.codeisland.buddy.widget;
				PROVISIONING_PROFILE_SPECIFIER = "CodeIsland Buddy Widget App Store";
				SDKROOT = iphoneos;
				SKIP_INSTALL = YES;
				TARGETED_DEVICE_FAMILY = 1;
			};
			name = Release;
		};
		B48A7E2B48004A387A77F1D5 /* Release */ = {
			isa = XCBuildConfiguration;
			buildSettings = {
				APPLICATION_EXTENSION_API_ONLY = YES;
				CODE_SIGN_ENTITLEMENTS = CodeIslandShareExtension/CodeIslandShareExtension.entitlements;
				CODE_SIGN_IDENTITY = "iPhone Distribution";
				CODE_SIGN_STYLE = Manual;
				INFOPLIST_FILE = CodeIslandShareExtension/Info.plist;
				IPHONEOS_DEPLOYMENT_TARGET = 17.0;
				LD_RUNPATH_SEARCH_PATHS = (
					"$(inherited)",
					"@executable_path/Frameworks",
					"@executable_path/../../Frameworks",
				);
				PRODUCT_BUNDLE_IDENTIFIER = com.revopsglobal.codeisland.buddy.share;
				PROVISIONING_PROFILE_SPECIFIER = "CodeIsland Buddy Share App Store";
				SDKROOT = iphoneos;
				SKIP_INSTALL = YES;
				TARGETED_DEVICE_FAMILY = 1;
			};
			name = Release;
		};
		CAFF9783EA01C9600D236FF1 /* Release */ = {
			isa = XCBuildConfiguration;
			buildSettings = {
				BUNDLE_LOADER = "$(TEST_HOST)";
				GENERATE_INFOPLIST_FILE = YES;
				IPHONEOS_DEPLOYMENT_TARGET = 17.0;
				LD_RUNPATH_SEARCH_PATHS = (
					"$(inherited)",
					"@executable_path/Frameworks",
					"@loader_path/Frameworks",
				);
				PRODUCT_BUNDLE_IDENTIFIER = com.revopsglobal.codeisland.buddy.tests;
				SDKROOT = iphoneos;
				TARGETED_DEVICE_FAMILY = 1;
				TEST_HOST = "$(BUILT_PRODUCTS_DIR)/CodeIslandCompanion.app/CodeIslandCompanion";
			};
			name = Release;
		};
		DFE49D5E64392DB384649B7A /* Debug */ = {
			isa = XCBuildConfiguration;
			buildSettings = {
				APS_ENVIRONMENT = development;
				ASSETCATALOG_COMPILER_APPICON_NAME = AppIcon;
				ASSETCATALOG_COMPILER_GENERATE_SWIFT_ASSET_SYMBOL_EXTENSIONS = NO;
				CODE_SIGN_ENTITLEMENTS = CodeIslandCompanion/CodeIslandCompanion.entitlements;
				CODE_SIGN_IDENTITY = "iPhone Developer";
				INFOPLIST_FILE = CodeIslandCompanion/Info.plist;
				IPHONEOS_DEPLOYMENT_TARGET = 17.0;
				LD_RUNPATH_SEARCH_PATHS = (
					"$(inherited)",
					"@executable_path/Frameworks",
				);
				PRODUCT_BUNDLE_IDENTIFIER = com.revopsglobal.codeisland.buddy;
				SDKROOT = iphoneos;
				TARGETED_DEVICE_FAMILY = 1;
			};
			name = Debug;
		};
/* End XCBuildConfiguration section */

/* Begin XCConfigurationList section */
		04AA0F1210C8B2115E8ED693 /* Build configuration list for PBXNativeTarget "CodeIslandCompanionTests" */ = {
			isa = XCConfigurationList;
			buildConfigurations = (
				84385E3DE216637FBD572695 /* Debug */,
				CAFF9783EA01C9600D236FF1 /* Release */,
			);
			defaultConfigurationIsVisible = 0;
			defaultConfigurationName = Debug;
		};
		617E42F1DB082A010DA4EA86 /* Build configuration list for PBXProject "CodeIslandCompanion" */ = {
			isa = XCConfigurationList;
			buildConfigurations = (
				4C0F87C6E1B001694C287EB6 /* Debug */,
				08C809767E51DD6F2FDD2E2C /* Release */,
			);
			defaultConfigurationIsVisible = 0;
			defaultConfigurationName = Debug;
		};
		8B1AD1C2E22A23BD4CDC2ACF /* Build configuration list for PBXNativeTarget "CodeIslandCompanionWidget" */ = {
			isa = XCConfigurationList;
			buildConfigurations = (
				50DD7B81379051DB778216CF /* Debug */,
				A502926522AD1379473E3AAC /* Release */,
			);
			defaultConfigurationIsVisible = 0;
			defaultConfigurationName = Debug;
		};
		A4CCE8D20BB83E3C61AE9D46 /* Build configuration list for PBXNativeTarget "CodeIslandCompanionUITests" */ = {
			isa = XCConfigurationList;
			buildConfigurations = (
				610D461328F4CA8DEE857634 /* Debug */,
				5CF993E2112406641DF63393 /* Release */,
			);
			defaultConfigurationIsVisible = 0;
			defaultConfigurationName = Debug;
		};
		AE0576FAA2FDE7D543D75830 /* Build configuration list for PBXNativeTarget "CodeIslandShareExtension" */ = {
			isa = XCConfigurationList;
			buildConfigurations = (
				114D131E39CBBCA6DFD05A54 /* Debug */,
				B48A7E2B48004A387A77F1D5 /* Release */,
			);
			defaultConfigurationIsVisible = 0;
			defaultConfigurationName = Debug;
		};
		B1E48881EB1FEA099CD166C8 /* Build configuration list for PBXNativeTarget "CodeIslandCompanion" */ = {
			isa = XCConfigurationList;
			buildConfigurations = (
				DFE49D5E64392DB384649B7A /* Debug */,
				74603115470E26336E6FEFCB /* Release */,
			);
			defaultConfigurationIsVisible = 0;
			defaultConfigurationName = Debug;
		};
/* End XCConfigurationList section */

/* Begin XCRemoteSwiftPackageReference section */
		309B7D09C1E4280B6FA6C97B /* XCRemoteSwiftPackageReference "WebRTC" */ = {
			isa = XCRemoteSwiftPackageReference;
			repositoryURL = "https://github.com/stasel/WebRTC";
			requirement = {
				kind = upToNextMajorVersion;
				minimumVersion = 125.0.0;
			};
		};
		649EAE55C9E6EDA1EE54162A /* XCRemoteSwiftPackageReference "supabase-swift" */ = {
			isa = XCRemoteSwiftPackageReference;
			repositoryURL = "https://github.com/supabase/supabase-swift.git";
			requirement = {
				kind = exactVersion;
				version = 2.46.0;
			};
		};
/* End XCRemoteSwiftPackageReference section */

/* Begin XCSwiftPackageProductDependency section */
		466771A9FC33CB2A83749024 /* Auth */ = {
			isa = XCSwiftPackageProductDependency;
			package = 649EAE55C9E6EDA1EE54162A /* XCRemoteSwiftPackageReference "supabase-swift" */;
			productName = Auth;
		};
		97DDD0069829875C6B93E9D0 /* Auth */ = {
			isa = XCSwiftPackageProductDependency;
			package = 649EAE55C9E6EDA1EE54162A /* XCRemoteSwiftPackageReference "supabase-swift" */;
			productName = Auth;
		};
		D178CBC0C494A14AAE010865 /* WebRTC */ = {
			isa = XCSwiftPackageProductDependency;
			package = 309B7D09C1E4280B6FA6C97B /* XCRemoteSwiftPackageReference "WebRTC" */;
			productName = WebRTC;
		};
/* End XCSwiftPackageProductDependency section */
	};
	rootObject = C86DC231658B41C7E38FF15A /* Project object */;
}
